PODS:
  - BlocksKit (2.2.5):
    - BlocksKit/All (= 2.2.5)
  - BlocksKit/All (2.2.5):
    - BlocksKit/Core
    - BlocksKit/DynamicDelegate
    - BlocksKit/MessageUI
    - BlocksKit/UIKit
  - BlocksKit/Core (2.2.5)
  - BlocksKit/DynamicDelegate (2.2.5)
  - BlocksKit/MessageUI (2.2.5):
    - BlocksKit/Core
    - BlocksKit/DynamicDelegate
  - BlocksKit/UIKit (2.2.5):
    - BlocksKit/Core
    - BlocksKit/DynamicDelegate
  - CocoaLumberjack (1.9.2):
    - CocoaLumberjack/Extensions (= 1.9.2)
  - CocoaLumberjack/Core (1.9.2)
  - CocoaLumberjack/Extensions (1.9.2):
    - CocoaLumberjack/Core
  - JSQMessagesViewController (5.3.1):
    - JSQSystemSoundPlayer
  - JSQSystemSoundPlayer (1.5.2)
  - libopus (1.1):
    - libopus/float (= 1.1)
  - libopus/float (1.1)
  - libsodium (1.0.2)
  - objcTox (0.0.1):
    - CocoaLumberjack (= 1.9.2)
    - toxcore-ios (= 0.1.5)
  - toxcore-ios (0.1.5):
    - libopus (~> 1.1)
    - libsodium (~> 1.0.1)

DEPENDENCIES:
  - BlocksKit (~> 2.2.5)
  - CocoaLumberjack (~> 1.9.2)
  - JSQMessagesViewController (~> 5.3.1)
  - JSQSystemSoundPlayer (~> 1.5.2)
  - objcTox (from `https://raw.githubusercontent.com/dvor/objcTox/adding-podspec/objcTox.podspec`)

EXTERNAL SOURCES:
  objcTox:
    :podspec: https://raw.githubusercontent.com/dvor/objcTox/adding-podspec/objcTox.podspec

SPEC CHECKSUMS:
  BlocksKit: 7f422b971407001178d181a43b99014ea2591fe6
  CocoaLumberjack: 628fca2e88ef06f7cf6817309aa405f325d9a6fa
  JSQMessagesViewController: c9328d7f8707db57e54568bbc6c60cccbb73cf8e
  JSQSystemSoundPlayer: 443466bd5f4537d0b7f15a0184244169ae65f8e5
  libopus: ad5f060dcb8f30f139777244d70f9111f1c80863
  libsodium: d1b482e7628e0298de350375a4ab981b5cc8c71b
  objcTox: cc32f0186789e79f0a1617d18f6c663e993ec0f1
  toxcore-ios: 5197d3f5186becf5f138d663bad25c62e8d81a30

COCOAPODS: 0.37.1
