// !$*UTF8*$!
{
	archiveVersion = 1;
	classes = {
	};
	objectVersion = 46;
	objects = {

/* Begin PBXBuildFile section */
		110B8B8B19C8E3FE000E4334 /* ProfilesViewController.m in Sources */ = {isa = PBXBuildFile; fileRef = 110B8B8A19C8E3FE000E4334 /* ProfilesViewController.m */; };
		1137BDEB1B24438E00BA20C8 /* ProfileManager.m in Sources */ = {isa = PBXBuildFile; fileRef = 1137BDEA1B24438E00BA20C8 /* ProfileManager.m */; };
		114100781A3A3A3700054859 /* QRScannerController.m in Sources */ = {isa = PBXBuildFile; fileRef = 114100771A3A3A3700054859 /* QRScannerController.m */; };
		1146308819842C730075DA16 /* Model.xcdatamodeld in Sources */ = {isa = PBXBuildFile; fileRef = 1146308619842C730075DA16 /* Model.xcdatamodeld */; };
		1146309B1984E1AF0075DA16 /* AllChatsViewController.m in Sources */ = {isa = PBXBuildFile; fileRef = 1146309A1984E1AF0075DA16 /* AllChatsViewController.m */; };
		114630E0198555730075DA16 /* AllChatsCell.m in Sources */ = {isa = PBXBuildFile; fileRef = 114630DF198555730075DA16 /* AllChatsCell.m */; };
		1164763319794D3300DB20B8 /* Foundation.framework in Frameworks */ = {isa = PBXBuildFile; fileRef = 1164763219794D3300DB20B8 /* Foundation.framework */; };
		1164763519794D3300DB20B8 /* CoreGraphics.framework in Frameworks */ = {isa = PBXBuildFile; fileRef = 1164763419794D3300DB20B8 /* CoreGraphics.framework */; };
		1164763719794D3300DB20B8 /* UIKit.framework in Frameworks */ = {isa = PBXBuildFile; fileRef = 1164763619794D3300DB20B8 /* UIKit.framework */; };
		1164763D19794D3300DB20B8 /* InfoPlist.strings in Resources */ = {isa = PBXBuildFile; fileRef = 1164763B19794D3300DB20B8 /* InfoPlist.strings */; };
		1164763F19794D3300DB20B8 /* main.m in Sources */ = {isa = PBXBuildFile; fileRef = 1164763E19794D3300DB20B8 /* main.m */; };
		1164764319794D3300DB20B8 /* AppDelegate.m in Sources */ = {isa = PBXBuildFile; fileRef = 1164764219794D3300DB20B8 /* AppDelegate.m */; };
		1164764519794D3300DB20B8 /* Images.xcassets in Resources */ = {isa = PBXBuildFile; fileRef = 1164764419794D3300DB20B8 /* Images.xcassets */; };
		117FCFB119BCBFF80026C13B /* UITableViewCell+Utilities.m in Sources */ = {isa = PBXBuildFile; fileRef = 117FCFB019BCBFF80026C13B /* UITableViewCell+Utilities.m */; };
		118352A8197A64B70048CA64 /* SettingsViewController.m in Sources */ = {isa = PBXBuildFile; fileRef = 118352A7197A64B70048CA64 /* SettingsViewController.m */; };
		118352AC197A6C410048CA64 /* CopyLabel.m in Sources */ = {isa = PBXBuildFile; fileRef = 118352AB197A6C410048CA64 /* CopyLabel.m */; };
		118352B0197A6F7F0048CA64 /* NSString+Utilities.m in Sources */ = {isa = PBXBuildFile; fileRef = 118352AF197A6F7F0048CA64 /* NSString+Utilities.m */; };
		118352B5197A72F10048CA64 /* QRViewerController.m in Sources */ = {isa = PBXBuildFile; fileRef = 118352B4197A72F10048CA64 /* QRViewerController.m */; };
		118352B9197A7B040048CA64 /* FriendsViewController.m in Sources */ = {isa = PBXBuildFile; fileRef = 118352B8197A7B040048CA64 /* FriendsViewController.m */; };
		118352BC197A7B960048CA64 /* UIViewController+Utilities.m in Sources */ = {isa = PBXBuildFile; fileRef = 118352BB197A7B960048CA64 /* UIViewController+Utilities.m */; };
		118352C0197A7CE80048CA64 /* FriendsCell.m in Sources */ = {isa = PBXBuildFile; fileRef = 118352BF197A7CE80048CA64 /* FriendsCell.m */; };
		118352C3197A7D3A0048CA64 /* StatusCircleView.m in Sources */ = {isa = PBXBuildFile; fileRef = 118352C2197A7D3A0048CA64 /* StatusCircleView.m */; };
		118352C6197A802D0048CA64 /* UIView+Utilities.m in Sources */ = {isa = PBXBuildFile; fileRef = 118352C5197A802D0048CA64 /* UIView+Utilities.m */; };
		118352C9197A867A0048CA64 /* UIColor+Utilities.m in Sources */ = {isa = PBXBuildFile; fileRef = 118352C8197A867A0048CA64 /* UIColor+Utilities.m */; };
		118352DD197AEB010048CA64 /* FriendRequestsCell.m in Sources */ = {isa = PBXBuildFile; fileRef = 118352DC197AEB010048CA64 /* FriendRequestsCell.m */; };
		1195D6011B28C2D6004E59FD /* ChatViewController.m in Sources */ = {isa = PBXBuildFile; fileRef = 1195D6001B28C2D6004E59FD /* ChatViewController.m */; };
		119BB11E198B536300380557 /* AppDelegate+Utilities.m in Sources */ = {isa = PBXBuildFile; fileRef = 119BB11D198B536300380557 /* AppDelegate+Utilities.m */; };
		119BB122198BE77900380557 /* AddFriendViewController.m in Sources */ = {isa = PBXBuildFile; fileRef = 119BB121198BE77900380557 /* AddFriendViewController.m */; };
		119DFAC21B3D4D75008CA975 /* ChatMessage.m in Sources */ = {isa = PBXBuildFile; fileRef = 119DFAC11B3D4D75008CA975 /* ChatMessage.m */; };
		119DFAC61B3DDFFE008CA975 /* AvatarsManager.m in Sources */ = {isa = PBXBuildFile; fileRef = 119DFAC51B3DDFFE008CA975 /* AvatarsManager.m */; };
		119DFACE1B3EA34F008CA975 /* NotificationManager.m in Sources */ = {isa = PBXBuildFile; fileRef = 119DFACD1B3EA34F008CA975 /* NotificationManager.m */; };
		119DFAD11B3EA462008CA975 /* NotificationObject.m in Sources */ = {isa = PBXBuildFile; fileRef = 119DFAD01B3EA462008CA975 /* NotificationObject.m */; };
		11A757471B0BB50F005DAD82 /* AppContext.m in Sources */ = {isa = PBXBuildFile; fileRef = 11A757461B0BB50F005DAD82 /* AppContext.m */; };
		11A7574B1B0BB74C005DAD82 /* UserDefaultsManager.m in Sources */ = {isa = PBXBuildFile; fileRef = 11A7574A1B0BB74C005DAD82 /* UserDefaultsManager.m */; };
		11B5A366199626920005C1E7 /* BadgeWithText.m in Sources */ = {isa = PBXBuildFile; fileRef = 11B5A365199626920005C1E7 /* BadgeWithText.m */; };
		11B9E6171993EBDB00FB20A6 /* TimeFormatter.m in Sources */ = {isa = PBXBuildFile; fileRef = 11B9E6161993EBDB00FB20A6 /* TimeFormatter.m */; };
		11B9E61F1993F3D700FB20A6 /* AppearanceManager.m in Sources */ = {isa = PBXBuildFile; fileRef = 11B9E61E1993F3D700FB20A6 /* AppearanceManager.m */; };
		11C2AA0319C48F31003BE161 /* CellWithToxId.m in Sources */ = {isa = PBXBuildFile; fileRef = 11C2AA0219C48F31003BE161 /* CellWithToxId.m */; };
		11C2AA0619C4979A003BE161 /* CellWithColorscheme.m in Sources */ = {isa = PBXBuildFile; fileRef = 11C2AA0519C4979A003BE161 /* CellWithColorscheme.m */; };
		11C3A74F198CF4960029A7A0 /* FriendCardViewController.m in Sources */ = {isa = PBXBuildFile; fileRef = 11C3A74E198CF4960029A7A0 /* FriendCardViewController.m */; };
		11C3A756198D3E460029A7A0 /* UIImage+Utilities.m in Sources */ = {isa = PBXBuildFile; fileRef = 11C3A755198D3E460029A7A0 /* UIImage+Utilities.m */; };
		11C3A77C198E93FB0029A7A0 /* EventsManager.m in Sources */ = {isa = PBXBuildFile; fileRef = 11C3A77B198E93FB0029A7A0 /* EventsManager.m */; };
		11C3A77F198E948D0029A7A0 /* EventObject.m in Sources */ = {isa = PBXBuildFile; fileRef = 11C3A77E198E948D0029A7A0 /* EventObject.m */; };
		11C4B4D11B25F8DF00646A2E /* Helper.m in Sources */ = {isa = PBXBuildFile; fileRef = 11C4B4D01B25F8DF00646A2E /* Helper.m */; };
		11C7C6B819840C3E001B849B /* NSIndexSet+Utilities.m in Sources */ = {isa = PBXBuildFile; fileRef = 11C7C6B719840C3E001B849B /* NSIndexSet+Utilities.m */; };
		11CFD0B61B3F526E002C59DB /* NotificationView.m in Sources */ = {isa = PBXBuildFile; fileRef = 11CFD0B51B3F526E002C59DB /* NotificationView.m */; };
		11CFD0BA1B401385002C59DB /* ViewPassingGestures.m in Sources */ = {isa = PBXBuildFile; fileRef = 11CFD0B91B401385002C59DB /* ViewPassingGestures.m */; };
		11CFD0BD1B401394002C59DB /* WindowPassingGestures.m in Sources */ = {isa = PBXBuildFile; fileRef = 11CFD0BC1B401394002C59DB /* WindowPassingGestures.m */; };
		11CFD0C31B406A96002C59DB /* NotificationViewController.m in Sources */ = {isa = PBXBuildFile; fileRef = 11CFD0C21B406A96002C59DB /* NotificationViewController.m */; };
		11CFD0C71B40745E002C59DB /* ToxListener.m in Sources */ = {isa = PBXBuildFile; fileRef = 11CFD0C61B40745E002C59DB /* ToxListener.m */; };
		11CFD0D11B407B57002C59DB /* UpdatesQueue.m in Sources */ = {isa = PBXBuildFile; fileRef = 11CFD0D01B407B57002C59DB /* UpdatesQueue.m */; };
		11E57F4619C23D1F00C8ACB8 /* CellWithNameStatusAvatar.m in Sources */ = {isa = PBXBuildFile; fileRef = 11E57F4519C23D1F00C8ACB8 /* CellWithNameStatusAvatar.m */; };
		11E82AA219CD72E6001561CA /* PreviewItem.m in Sources */ = {isa = PBXBuildFile; fileRef = 11E82AA119CD72E6001561CA /* PreviewItem.m */; };
		11FCD34A1A5B283D00DE10CC /* CellWithSwitch.m in Sources */ = {isa = PBXBuildFile; fileRef = 11FCD3491A5B283D00DE10CC /* CellWithSwitch.m */; };
		11FE3FFC1A7D8C5C00E19766 /* AdvancedSettingsViewController.m in Sources */ = {isa = PBXBuildFile; fileRef = 11FE3FFB1A7D8C5C00E19766 /* AdvancedSettingsViewController.m */; };
		11FE3FFF1A7D8E2800E19766 /* BasicSettingsViewController.m in Sources */ = {isa = PBXBuildFile; fileRef = 11FE3FFE1A7D8E2800E19766 /* BasicSettingsViewController.m */; };
		84B6628D19A2510A00328874 /* CustomLogFormatter.m in Sources */ = {isa = PBXBuildFile; fileRef = 84B6628C19A2510A00328874 /* CustomLogFormatter.m */; };
		A268447630F941ADA4541F0C /* libPods.a in Frameworks */ = {isa = PBXBuildFile; fileRef = 7E7D2AE7333141D09DEE1E40 /* libPods.a */; };
		F09B9A281B45AF3800F74A46 /* RingingCallViewController.m in Sources */ = {isa = PBXBuildFile; fileRef = F09B9A271B45AF3800F74A46 /* RingingCallViewController.m */; };
		F09B9A2B1B45AF4300F74A46 /* ActiveCallViewController.m in Sources */ = {isa = PBXBuildFile; fileRef = F09B9A2A1B45AF4300F74A46 /* ActiveCallViewController.m */; };
		F09B9A2E1B45B26600F74A46 /* AbstractCallViewController.m in Sources */ = {isa = PBXBuildFile; fileRef = F09B9A2D1B45B26600F74A46 /* AbstractCallViewController.m */; };
		F0D127DD1B445B2700E2E7B8 /* DialingCallViewController.m in Sources */ = {isa = PBXBuildFile; fileRef = F0D127DC1B445B2700E2E7B8 /* DialingCallViewController.m */; };
		F970DEA91ADA39B500EE2EE4 /* QRScannerAimView.m in Sources */ = {isa = PBXBuildFile; fileRef = F970DEA81ADA39B500EE2EE4 /* QRScannerAimView.m */; };
		F9FB7D5A1ADED01A004FA894 /* PortraitNavigationController.m in Sources */ = {isa = PBXBuildFile; fileRef = F9FB7D591ADED01A004FA894 /* PortraitNavigationController.m */; };
/* End PBXBuildFile section */

/* Begin PBXFileReference section */
		110B8B8919C8E3FE000E4334 /* ProfilesViewController.h */ = {isa = PBXFileReference; fileEncoding = 4; lastKnownFileType = sourcecode.c.h; path = ProfilesViewController.h; sourceTree = "<group>"; };
		110B8B8A19C8E3FE000E4334 /* ProfilesViewController.m */ = {isa = PBXFileReference; fileEncoding = 4; lastKnownFileType = sourcecode.c.objc; path = ProfilesViewController.m; sourceTree = "<group>"; };
		1137BDE91B24438E00BA20C8 /* ProfileManager.h */ = {isa = PBXFileReference; fileEncoding = 4; lastKnownFileType = sourcecode.c.h; path = ProfileManager.h; sourceTree = "<group>"; };
		1137BDEA1B24438E00BA20C8 /* ProfileManager.m */ = {isa = PBXFileReference; fileEncoding = 4; lastKnownFileType = sourcecode.c.objc; path = ProfileManager.m; sourceTree = "<group>"; };
		114100761A3A3A3700054859 /* QRScannerController.h */ = {isa = PBXFileReference; fileEncoding = 4; lastKnownFileType = sourcecode.c.h; path = QRScannerController.h; sourceTree = "<group>"; };
		114100771A3A3A3700054859 /* QRScannerController.m */ = {isa = PBXFileReference; fileEncoding = 4; lastKnownFileType = sourcecode.c.objc; path = QRScannerController.m; sourceTree = "<group>"; };
		1146308719842C730075DA16 /* Model.xcdatamodel */ = {isa = PBXFileReference; lastKnownFileType = wrapper.xcdatamodel; path = Model.xcdatamodel; sourceTree = "<group>"; };
		114630991984E1AF0075DA16 /* AllChatsViewController.h */ = {isa = PBXFileReference; fileEncoding = 4; lastKnownFileType = sourcecode.c.h; path = AllChatsViewController.h; sourceTree = "<group>"; };
		1146309A1984E1AF0075DA16 /* AllChatsViewController.m */ = {isa = PBXFileReference; fileEncoding = 4; lastKnownFileType = sourcecode.c.objc; path = AllChatsViewController.m; sourceTree = "<group>"; };
		114630DE198555730075DA16 /* AllChatsCell.h */ = {isa = PBXFileReference; fileEncoding = 4; lastKnownFileType = sourcecode.c.h; path = AllChatsCell.h; sourceTree = "<group>"; };
		114630DF198555730075DA16 /* AllChatsCell.m */ = {isa = PBXFileReference; fileEncoding = 4; lastKnownFileType = sourcecode.c.objc; path = AllChatsCell.m; sourceTree = "<group>"; };
		1164762F19794D3300DB20B8 /* Antidote.app */ = {isa = PBXFileReference; explicitFileType = wrapper.application; includeInIndex = 0; path = Antidote.app; sourceTree = BUILT_PRODUCTS_DIR; };
		1164763219794D3300DB20B8 /* Foundation.framework */ = {isa = PBXFileReference; lastKnownFileType = wrapper.framework; name = Foundation.framework; path = System/Library/Frameworks/Foundation.framework; sourceTree = SDKROOT; };
		1164763419794D3300DB20B8 /* CoreGraphics.framework */ = {isa = PBXFileReference; lastKnownFileType = wrapper.framework; name = CoreGraphics.framework; path = System/Library/Frameworks/CoreGraphics.framework; sourceTree = SDKROOT; };
		1164763619794D3300DB20B8 /* UIKit.framework */ = {isa = PBXFileReference; lastKnownFileType = wrapper.framework; name = UIKit.framework; path = System/Library/Frameworks/UIKit.framework; sourceTree = SDKROOT; };
		1164763A19794D3300DB20B8 /* Antidote-Info.plist */ = {isa = PBXFileReference; lastKnownFileType = text.plist.xml; path = "Antidote-Info.plist"; sourceTree = "<group>"; };
		1164763C19794D3300DB20B8 /* en */ = {isa = PBXFileReference; lastKnownFileType = text.plist.strings; name = en; path = en.lproj/InfoPlist.strings; sourceTree = "<group>"; };
		1164763E19794D3300DB20B8 /* main.m */ = {isa = PBXFileReference; lastKnownFileType = sourcecode.c.objc; path = main.m; sourceTree = "<group>"; };
		1164764019794D3300DB20B8 /* Antidote-Prefix.pch */ = {isa = PBXFileReference; lastKnownFileType = sourcecode.c.h; path = "Antidote-Prefix.pch"; sourceTree = "<group>"; };
		1164764119794D3300DB20B8 /* AppDelegate.h */ = {isa = PBXFileReference; lastKnownFileType = sourcecode.c.h; path = AppDelegate.h; sourceTree = "<group>"; };
		1164764219794D3300DB20B8 /* AppDelegate.m */ = {isa = PBXFileReference; lastKnownFileType = sourcecode.c.objc; path = AppDelegate.m; sourceTree = "<group>"; };
		1164764419794D3300DB20B8 /* Images.xcassets */ = {isa = PBXFileReference; lastKnownFileType = folder.assetcatalog; path = Images.xcassets; sourceTree = "<group>"; };
		1164764B19794D3300DB20B8 /* XCTest.framework */ = {isa = PBXFileReference; lastKnownFileType = wrapper.framework; name = XCTest.framework; path = Library/Frameworks/XCTest.framework; sourceTree = DEVELOPER_DIR; };
		117FCFAF19BCBFF80026C13B /* UITableViewCell+Utilities.h */ = {isa = PBXFileReference; fileEncoding = 4; lastKnownFileType = sourcecode.c.h; path = "UITableViewCell+Utilities.h"; sourceTree = "<group>"; };
		117FCFB019BCBFF80026C13B /* UITableViewCell+Utilities.m */ = {isa = PBXFileReference; fileEncoding = 4; lastKnownFileType = sourcecode.c.objc; path = "UITableViewCell+Utilities.m"; sourceTree = "<group>"; };
		118352A6197A64B70048CA64 /* SettingsViewController.h */ = {isa = PBXFileReference; fileEncoding = 4; lastKnownFileType = sourcecode.c.h; path = SettingsViewController.h; sourceTree = "<group>"; };
		118352A7197A64B70048CA64 /* SettingsViewController.m */ = {isa = PBXFileReference; fileEncoding = 4; lastKnownFileType = sourcecode.c.objc; path = SettingsViewController.m; sourceTree = "<group>"; };
		118352AA197A6C410048CA64 /* CopyLabel.h */ = {isa = PBXFileReference; fileEncoding = 4; lastKnownFileType = sourcecode.c.h; path = CopyLabel.h; sourceTree = "<group>"; };
		118352AB197A6C410048CA64 /* CopyLabel.m */ = {isa = PBXFileReference; fileEncoding = 4; lastKnownFileType = sourcecode.c.objc; path = CopyLabel.m; sourceTree = "<group>"; };
		118352AE197A6F7F0048CA64 /* NSString+Utilities.h */ = {isa = PBXFileReference; fileEncoding = 4; lastKnownFileType = sourcecode.c.h; path = "NSString+Utilities.h"; sourceTree = "<group>"; };
		118352AF197A6F7F0048CA64 /* NSString+Utilities.m */ = {isa = PBXFileReference; fileEncoding = 4; lastKnownFileType = sourcecode.c.objc; path = "NSString+Utilities.m"; sourceTree = "<group>"; };
		118352B3197A72F10048CA64 /* QRViewerController.h */ = {isa = PBXFileReference; fileEncoding = 4; lastKnownFileType = sourcecode.c.h; path = QRViewerController.h; sourceTree = "<group>"; };
		118352B4197A72F10048CA64 /* QRViewerController.m */ = {isa = PBXFileReference; fileEncoding = 4; lastKnownFileType = sourcecode.c.objc; path = QRViewerController.m; sourceTree = "<group>"; };
		118352B7197A7B040048CA64 /* FriendsViewController.h */ = {isa = PBXFileReference; fileEncoding = 4; lastKnownFileType = sourcecode.c.h; path = FriendsViewController.h; sourceTree = "<group>"; };
		118352B8197A7B040048CA64 /* FriendsViewController.m */ = {isa = PBXFileReference; fileEncoding = 4; lastKnownFileType = sourcecode.c.objc; path = FriendsViewController.m; sourceTree = "<group>"; };
		118352BA197A7B960048CA64 /* UIViewController+Utilities.h */ = {isa = PBXFileReference; fileEncoding = 4; lastKnownFileType = sourcecode.c.h; path = "UIViewController+Utilities.h"; sourceTree = "<group>"; };
		118352BB197A7B960048CA64 /* UIViewController+Utilities.m */ = {isa = PBXFileReference; fileEncoding = 4; lastKnownFileType = sourcecode.c.objc; path = "UIViewController+Utilities.m"; sourceTree = "<group>"; };
		118352BE197A7CE80048CA64 /* FriendsCell.h */ = {isa = PBXFileReference; fileEncoding = 4; lastKnownFileType = sourcecode.c.h; path = FriendsCell.h; sourceTree = "<group>"; };
		118352BF197A7CE80048CA64 /* FriendsCell.m */ = {isa = PBXFileReference; fileEncoding = 4; lastKnownFileType = sourcecode.c.objc; path = FriendsCell.m; sourceTree = "<group>"; };
		118352C1197A7D390048CA64 /* StatusCircleView.h */ = {isa = PBXFileReference; fileEncoding = 4; lastKnownFileType = sourcecode.c.h; path = StatusCircleView.h; sourceTree = "<group>"; };
		118352C2197A7D3A0048CA64 /* StatusCircleView.m */ = {isa = PBXFileReference; fileEncoding = 4; lastKnownFileType = sourcecode.c.objc; path = StatusCircleView.m; sourceTree = "<group>"; };
		118352C4197A802D0048CA64 /* UIView+Utilities.h */ = {isa = PBXFileReference; fileEncoding = 4; lastKnownFileType = sourcecode.c.h; path = "UIView+Utilities.h"; sourceTree = "<group>"; };
		118352C5197A802D0048CA64 /* UIView+Utilities.m */ = {isa = PBXFileReference; fileEncoding = 4; lastKnownFileType = sourcecode.c.objc; path = "UIView+Utilities.m"; sourceTree = "<group>"; };
		118352C7197A867A0048CA64 /* UIColor+Utilities.h */ = {isa = PBXFileReference; fileEncoding = 4; lastKnownFileType = sourcecode.c.h; path = "UIColor+Utilities.h"; sourceTree = "<group>"; };
		118352C8197A867A0048CA64 /* UIColor+Utilities.m */ = {isa = PBXFileReference; fileEncoding = 4; lastKnownFileType = sourcecode.c.objc; path = "UIColor+Utilities.m"; sourceTree = "<group>"; };
		118352DB197AEB010048CA64 /* FriendRequestsCell.h */ = {isa = PBXFileReference; fileEncoding = 4; lastKnownFileType = sourcecode.c.h; path = FriendRequestsCell.h; sourceTree = "<group>"; };
		118352DC197AEB010048CA64 /* FriendRequestsCell.m */ = {isa = PBXFileReference; fileEncoding = 4; lastKnownFileType = sourcecode.c.objc; path = FriendRequestsCell.m; sourceTree = "<group>"; };
		1195D5FF1B28C2D6004E59FD /* ChatViewController.h */ = {isa = PBXFileReference; fileEncoding = 4; lastKnownFileType = sourcecode.c.h; path = ChatViewController.h; sourceTree = "<group>"; };
		1195D6001B28C2D6004E59FD /* ChatViewController.m */ = {isa = PBXFileReference; fileEncoding = 4; lastKnownFileType = sourcecode.c.objc; path = ChatViewController.m; sourceTree = "<group>"; };
		119BB11C198B536300380557 /* AppDelegate+Utilities.h */ = {isa = PBXFileReference; fileEncoding = 4; lastKnownFileType = sourcecode.c.h; path = "AppDelegate+Utilities.h"; sourceTree = "<group>"; };
		119BB11D198B536300380557 /* AppDelegate+Utilities.m */ = {isa = PBXFileReference; fileEncoding = 4; lastKnownFileType = sourcecode.c.objc; path = "AppDelegate+Utilities.m"; sourceTree = "<group>"; };
		119BB120198BE77900380557 /* AddFriendViewController.h */ = {isa = PBXFileReference; fileEncoding = 4; lastKnownFileType = sourcecode.c.h; path = AddFriendViewController.h; sourceTree = "<group>"; };
		119BB121198BE77900380557 /* AddFriendViewController.m */ = {isa = PBXFileReference; fileEncoding = 4; lastKnownFileType = sourcecode.c.objc; path = AddFriendViewController.m; sourceTree = "<group>"; };
		119DFAC01B3D4D75008CA975 /* ChatMessage.h */ = {isa = PBXFileReference; fileEncoding = 4; lastKnownFileType = sourcecode.c.h; path = ChatMessage.h; sourceTree = "<group>"; };
		119DFAC11B3D4D75008CA975 /* ChatMessage.m */ = {isa = PBXFileReference; fileEncoding = 4; lastKnownFileType = sourcecode.c.objc; path = ChatMessage.m; sourceTree = "<group>"; };
		119DFAC41B3DDFFE008CA975 /* AvatarsManager.h */ = {isa = PBXFileReference; fileEncoding = 4; lastKnownFileType = sourcecode.c.h; path = AvatarsManager.h; sourceTree = "<group>"; };
		119DFAC51B3DDFFE008CA975 /* AvatarsManager.m */ = {isa = PBXFileReference; fileEncoding = 4; lastKnownFileType = sourcecode.c.objc; path = AvatarsManager.m; sourceTree = "<group>"; };
		119DFACC1B3EA34F008CA975 /* NotificationManager.h */ = {isa = PBXFileReference; fileEncoding = 4; lastKnownFileType = sourcecode.c.h; path = NotificationManager.h; sourceTree = "<group>"; };
		119DFACD1B3EA34F008CA975 /* NotificationManager.m */ = {isa = PBXFileReference; fileEncoding = 4; lastKnownFileType = sourcecode.c.objc; path = NotificationManager.m; sourceTree = "<group>"; };
		119DFACF1B3EA462008CA975 /* NotificationObject.h */ = {isa = PBXFileReference; fileEncoding = 4; lastKnownFileType = sourcecode.c.h; path = NotificationObject.h; sourceTree = "<group>"; };
		119DFAD01B3EA462008CA975 /* NotificationObject.m */ = {isa = PBXFileReference; fileEncoding = 4; lastKnownFileType = sourcecode.c.objc; path = NotificationObject.m; sourceTree = "<group>"; };
		11A757451B0BB50F005DAD82 /* AppContext.h */ = {isa = PBXFileReference; fileEncoding = 4; lastKnownFileType = sourcecode.c.h; path = AppContext.h; sourceTree = "<group>"; };
		11A757461B0BB50F005DAD82 /* AppContext.m */ = {isa = PBXFileReference; fileEncoding = 4; lastKnownFileType = sourcecode.c.objc; path = AppContext.m; sourceTree = "<group>"; };
		11A757491B0BB74C005DAD82 /* UserDefaultsManager.h */ = {isa = PBXFileReference; fileEncoding = 4; lastKnownFileType = sourcecode.c.h; path = UserDefaultsManager.h; sourceTree = "<group>"; };
		11A7574A1B0BB74C005DAD82 /* UserDefaultsManager.m */ = {isa = PBXFileReference; fileEncoding = 4; lastKnownFileType = sourcecode.c.objc; path = UserDefaultsManager.m; sourceTree = "<group>"; };
		11B5A364199626920005C1E7 /* BadgeWithText.h */ = {isa = PBXFileReference; fileEncoding = 4; lastKnownFileType = sourcecode.c.h; path = BadgeWithText.h; sourceTree = "<group>"; };
		11B5A365199626920005C1E7 /* BadgeWithText.m */ = {isa = PBXFileReference; fileEncoding = 4; lastKnownFileType = sourcecode.c.objc; path = BadgeWithText.m; sourceTree = "<group>"; };
		11B9E6151993EBDB00FB20A6 /* TimeFormatter.h */ = {isa = PBXFileReference; fileEncoding = 4; lastKnownFileType = sourcecode.c.h; path = TimeFormatter.h; sourceTree = "<group>"; };
		11B9E6161993EBDB00FB20A6 /* TimeFormatter.m */ = {isa = PBXFileReference; fileEncoding = 4; lastKnownFileType = sourcecode.c.objc; path = TimeFormatter.m; sourceTree = "<group>"; };
		11B9E61D1993F3D700FB20A6 /* AppearanceManager.h */ = {isa = PBXFileReference; fileEncoding = 4; lastKnownFileType = sourcecode.c.h; path = AppearanceManager.h; sourceTree = "<group>"; };
		11B9E61E1993F3D700FB20A6 /* AppearanceManager.m */ = {isa = PBXFileReference; fileEncoding = 4; lastKnownFileType = sourcecode.c.objc; path = AppearanceManager.m; sourceTree = "<group>"; };
		11C2AA0119C48F31003BE161 /* CellWithToxId.h */ = {isa = PBXFileReference; fileEncoding = 4; lastKnownFileType = sourcecode.c.h; path = CellWithToxId.h; sourceTree = "<group>"; };
		11C2AA0219C48F31003BE161 /* CellWithToxId.m */ = {isa = PBXFileReference; fileEncoding = 4; lastKnownFileType = sourcecode.c.objc; path = CellWithToxId.m; sourceTree = "<group>"; };
		11C2AA0419C4979A003BE161 /* CellWithColorscheme.h */ = {isa = PBXFileReference; fileEncoding = 4; lastKnownFileType = sourcecode.c.h; path = CellWithColorscheme.h; sourceTree = "<group>"; };
		11C2AA0519C4979A003BE161 /* CellWithColorscheme.m */ = {isa = PBXFileReference; fileEncoding = 4; lastKnownFileType = sourcecode.c.objc; path = CellWithColorscheme.m; sourceTree = "<group>"; };
		11C3A74D198CF4960029A7A0 /* FriendCardViewController.h */ = {isa = PBXFileReference; fileEncoding = 4; lastKnownFileType = sourcecode.c.h; path = FriendCardViewController.h; sourceTree = "<group>"; };
		11C3A74E198CF4960029A7A0 /* FriendCardViewController.m */ = {isa = PBXFileReference; fileEncoding = 4; lastKnownFileType = sourcecode.c.objc; path = FriendCardViewController.m; sourceTree = "<group>"; };
		11C3A754198D3E460029A7A0 /* UIImage+Utilities.h */ = {isa = PBXFileReference; fileEncoding = 4; lastKnownFileType = sourcecode.c.h; path = "UIImage+Utilities.h"; sourceTree = "<group>"; };
		11C3A755198D3E460029A7A0 /* UIImage+Utilities.m */ = {isa = PBXFileReference; fileEncoding = 4; lastKnownFileType = sourcecode.c.objc; path = "UIImage+Utilities.m"; sourceTree = "<group>"; };
		11C3A77A198E93FB0029A7A0 /* EventsManager.h */ = {isa = PBXFileReference; fileEncoding = 4; lastKnownFileType = sourcecode.c.h; path = EventsManager.h; sourceTree = "<group>"; };
		11C3A77B198E93FB0029A7A0 /* EventsManager.m */ = {isa = PBXFileReference; fileEncoding = 4; lastKnownFileType = sourcecode.c.objc; path = EventsManager.m; sourceTree = "<group>"; };
		11C3A77D198E948D0029A7A0 /* EventObject.h */ = {isa = PBXFileReference; fileEncoding = 4; lastKnownFileType = sourcecode.c.h; path = EventObject.h; sourceTree = "<group>"; };
		11C3A77E198E948D0029A7A0 /* EventObject.m */ = {isa = PBXFileReference; fileEncoding = 4; lastKnownFileType = sourcecode.c.objc; path = EventObject.m; sourceTree = "<group>"; };
		11C4B4CF1B25F8DF00646A2E /* Helper.h */ = {isa = PBXFileReference; fileEncoding = 4; lastKnownFileType = sourcecode.c.h; path = Helper.h; sourceTree = "<group>"; };
		11C4B4D01B25F8DF00646A2E /* Helper.m */ = {isa = PBXFileReference; fileEncoding = 4; lastKnownFileType = sourcecode.c.objc; path = Helper.m; sourceTree = "<group>"; };
		11C7C6B619840C3E001B849B /* NSIndexSet+Utilities.h */ = {isa = PBXFileReference; fileEncoding = 4; lastKnownFileType = sourcecode.c.h; path = "NSIndexSet+Utilities.h"; sourceTree = "<group>"; };
		11C7C6B719840C3E001B849B /* NSIndexSet+Utilities.m */ = {isa = PBXFileReference; fileEncoding = 4; lastKnownFileType = sourcecode.c.objc; path = "NSIndexSet+Utilities.m"; sourceTree = "<group>"; };
		11CFD0B41B3F526E002C59DB /* NotificationView.h */ = {isa = PBXFileReference; fileEncoding = 4; lastKnownFileType = sourcecode.c.h; path = NotificationView.h; sourceTree = "<group>"; };
		11CFD0B51B3F526E002C59DB /* NotificationView.m */ = {isa = PBXFileReference; fileEncoding = 4; lastKnownFileType = sourcecode.c.objc; path = NotificationView.m; sourceTree = "<group>"; };
		11CFD0B81B401385002C59DB /* ViewPassingGestures.h */ = {isa = PBXFileReference; fileEncoding = 4; lastKnownFileType = sourcecode.c.h; path = ViewPassingGestures.h; sourceTree = "<group>"; };
		11CFD0B91B401385002C59DB /* ViewPassingGestures.m */ = {isa = PBXFileReference; fileEncoding = 4; lastKnownFileType = sourcecode.c.objc; path = ViewPassingGestures.m; sourceTree = "<group>"; };
		11CFD0BB1B401394002C59DB /* WindowPassingGestures.h */ = {isa = PBXFileReference; fileEncoding = 4; lastKnownFileType = sourcecode.c.h; path = WindowPassingGestures.h; sourceTree = "<group>"; };
		11CFD0BC1B401394002C59DB /* WindowPassingGestures.m */ = {isa = PBXFileReference; fileEncoding = 4; lastKnownFileType = sourcecode.c.objc; path = WindowPassingGestures.m; sourceTree = "<group>"; };
		11CFD0C11B406A96002C59DB /* NotificationViewController.h */ = {isa = PBXFileReference; fileEncoding = 4; lastKnownFileType = sourcecode.c.h; path = NotificationViewController.h; sourceTree = "<group>"; };
		11CFD0C21B406A96002C59DB /* NotificationViewController.m */ = {isa = PBXFileReference; fileEncoding = 4; lastKnownFileType = sourcecode.c.objc; path = NotificationViewController.m; sourceTree = "<group>"; };
		11CFD0C51B40745E002C59DB /* ToxListener.h */ = {isa = PBXFileReference; fileEncoding = 4; lastKnownFileType = sourcecode.c.h; path = ToxListener.h; sourceTree = "<group>"; };
		11CFD0C61B40745E002C59DB /* ToxListener.m */ = {isa = PBXFileReference; fileEncoding = 4; lastKnownFileType = sourcecode.c.objc; path = ToxListener.m; sourceTree = "<group>"; };
		11CFD0CF1B407B57002C59DB /* UpdatesQueue.h */ = {isa = PBXFileReference; fileEncoding = 4; lastKnownFileType = sourcecode.c.h; path = UpdatesQueue.h; sourceTree = "<group>"; };
		11CFD0D01B407B57002C59DB /* UpdatesQueue.m */ = {isa = PBXFileReference; fileEncoding = 4; lastKnownFileType = sourcecode.c.objc; path = UpdatesQueue.m; sourceTree = "<group>"; };
		11E57F4419C23D1F00C8ACB8 /* CellWithNameStatusAvatar.h */ = {isa = PBXFileReference; fileEncoding = 4; lastKnownFileType = sourcecode.c.h; path = CellWithNameStatusAvatar.h; sourceTree = "<group>"; };
		11E57F4519C23D1F00C8ACB8 /* CellWithNameStatusAvatar.m */ = {isa = PBXFileReference; fileEncoding = 4; lastKnownFileType = sourcecode.c.objc; path = CellWithNameStatusAvatar.m; sourceTree = "<group>"; };
		11E82AA019CD72E6001561CA /* PreviewItem.h */ = {isa = PBXFileReference; fileEncoding = 4; lastKnownFileType = sourcecode.c.h; path = PreviewItem.h; sourceTree = "<group>"; };
		11E82AA119CD72E6001561CA /* PreviewItem.m */ = {isa = PBXFileReference; fileEncoding = 4; lastKnownFileType = sourcecode.c.objc; path = PreviewItem.m; sourceTree = "<group>"; };
		11FCD3481A5B283D00DE10CC /* CellWithSwitch.h */ = {isa = PBXFileReference; fileEncoding = 4; lastKnownFileType = sourcecode.c.h; path = CellWithSwitch.h; sourceTree = "<group>"; };
		11FCD3491A5B283D00DE10CC /* CellWithSwitch.m */ = {isa = PBXFileReference; fileEncoding = 4; lastKnownFileType = sourcecode.c.objc; path = CellWithSwitch.m; sourceTree = "<group>"; };
		11FE3FFA1A7D8C5C00E19766 /* AdvancedSettingsViewController.h */ = {isa = PBXFileReference; fileEncoding = 4; lastKnownFileType = sourcecode.c.h; path = AdvancedSettingsViewController.h; sourceTree = "<group>"; };
		11FE3FFB1A7D8C5C00E19766 /* AdvancedSettingsViewController.m */ = {isa = PBXFileReference; fileEncoding = 4; lastKnownFileType = sourcecode.c.objc; path = AdvancedSettingsViewController.m; sourceTree = "<group>"; };
		11FE3FFD1A7D8E2800E19766 /* BasicSettingsViewController.h */ = {isa = PBXFileReference; fileEncoding = 4; lastKnownFileType = sourcecode.c.h; path = BasicSettingsViewController.h; sourceTree = "<group>"; };
		11FE3FFE1A7D8E2800E19766 /* BasicSettingsViewController.m */ = {isa = PBXFileReference; fileEncoding = 4; lastKnownFileType = sourcecode.c.objc; path = BasicSettingsViewController.m; sourceTree = "<group>"; };
		4ADD1C1DD88A391117C30B9F /* Pods.release.xcconfig */ = {isa = PBXFileReference; includeInIndex = 1; lastKnownFileType = text.xcconfig; name = Pods.release.xcconfig; path = "Pods/Target Support Files/Pods/Pods.release.xcconfig"; sourceTree = "<group>"; };
		7E7D2AE7333141D09DEE1E40 /* libPods.a */ = {isa = PBXFileReference; explicitFileType = archive.ar; includeInIndex = 0; path = libPods.a; sourceTree = BUILT_PRODUCTS_DIR; };
		84B6628B19A2510A00328874 /* CustomLogFormatter.h */ = {isa = PBXFileReference; fileEncoding = 4; lastKnownFileType = sourcecode.c.h; path = CustomLogFormatter.h; sourceTree = "<group>"; };
		84B6628C19A2510A00328874 /* CustomLogFormatter.m */ = {isa = PBXFileReference; fileEncoding = 4; lastKnownFileType = sourcecode.c.objc; path = CustomLogFormatter.m; sourceTree = "<group>"; };
		B256424EA3A055BD47F475CD /* Pods.debug.xcconfig */ = {isa = PBXFileReference; includeInIndex = 1; lastKnownFileType = text.xcconfig; name = Pods.debug.xcconfig; path = "Pods/Target Support Files/Pods/Pods.debug.xcconfig"; sourceTree = "<group>"; };
		F09B9A261B45AF3800F74A46 /* RingingCallViewController.h */ = {isa = PBXFileReference; fileEncoding = 4; lastKnownFileType = sourcecode.c.h; path = RingingCallViewController.h; sourceTree = "<group>"; };
		F09B9A271B45AF3800F74A46 /* RingingCallViewController.m */ = {isa = PBXFileReference; fileEncoding = 4; lastKnownFileType = sourcecode.c.objc; path = RingingCallViewController.m; sourceTree = "<group>"; };
		F09B9A291B45AF4300F74A46 /* ActiveCallViewController.h */ = {isa = PBXFileReference; fileEncoding = 4; lastKnownFileType = sourcecode.c.h; path = ActiveCallViewController.h; sourceTree = "<group>"; };
		F09B9A2A1B45AF4300F74A46 /* ActiveCallViewController.m */ = {isa = PBXFileReference; fileEncoding = 4; lastKnownFileType = sourcecode.c.objc; path = ActiveCallViewController.m; sourceTree = "<group>"; };
		F09B9A2C1B45B26600F74A46 /* AbstractCallViewController.h */ = {isa = PBXFileReference; fileEncoding = 4; lastKnownFileType = sourcecode.c.h; path = AbstractCallViewController.h; sourceTree = "<group>"; };
		F09B9A2D1B45B26600F74A46 /* AbstractCallViewController.m */ = {isa = PBXFileReference; fileEncoding = 4; lastKnownFileType = sourcecode.c.objc; path = AbstractCallViewController.m; sourceTree = "<group>"; };
		F0D127DB1B445B2700E2E7B8 /* DialingCallViewController.h */ = {isa = PBXFileReference; fileEncoding = 4; lastKnownFileType = sourcecode.c.h; path = DialingCallViewController.h; sourceTree = "<group>"; };
		F0D127DC1B445B2700E2E7B8 /* DialingCallViewController.m */ = {isa = PBXFileReference; fileEncoding = 4; lastKnownFileType = sourcecode.c.objc; path = DialingCallViewController.m; sourceTree = "<group>"; };
		F970DEA71ADA39B500EE2EE4 /* QRScannerAimView.h */ = {isa = PBXFileReference; fileEncoding = 4; lastKnownFileType = sourcecode.c.h; path = QRScannerAimView.h; sourceTree = "<group>"; };
		F970DEA81ADA39B500EE2EE4 /* QRScannerAimView.m */ = {isa = PBXFileReference; fileEncoding = 4; lastKnownFileType = sourcecode.c.objc; path = QRScannerAimView.m; sourceTree = "<group>"; };
		F9FB7D581ADED01A004FA894 /* PortraitNavigationController.h */ = {isa = PBXFileReference; fileEncoding = 4; lastKnownFileType = sourcecode.c.h; path = PortraitNavigationController.h; sourceTree = "<group>"; };
		F9FB7D591ADED01A004FA894 /* PortraitNavigationController.m */ = {isa = PBXFileReference; fileEncoding = 4; lastKnownFileType = sourcecode.c.objc; path = PortraitNavigationController.m; sourceTree = "<group>"; };
/* End PBXFileReference section */

/* Begin PBXFrameworksBuildPhase section */
		1164762C19794D3300DB20B8 /* Frameworks */ = {
			isa = PBXFrameworksBuildPhase;
			buildActionMask = 2147483647;
			files = (
				1164763519794D3300DB20B8 /* CoreGraphics.framework in Frameworks */,
				1164763719794D3300DB20B8 /* UIKit.framework in Frameworks */,
				1164763319794D3300DB20B8 /* Foundation.framework in Frameworks */,
				A268447630F941ADA4541F0C /* libPods.a in Frameworks */,
			);
			runOnlyForDeploymentPostprocessing = 0;
		};
/* End PBXFrameworksBuildPhase section */

/* Begin PBXGroup section */
		110B8B8819C8E3F1000E4334 /* Profiles */ = {
			isa = PBXGroup;
			children = (
				110B8B8919C8E3FE000E4334 /* ProfilesViewController.h */,
				110B8B8A19C8E3FE000E4334 /* ProfilesViewController.m */,
			);
			name = Profiles;
			sourceTree = "<group>";
		};
		1137BDE81B24414100BA20C8 /* ProfileManager */ = {
			isa = PBXGroup;
			children = (
				1137BDE91B24438E00BA20C8 /* ProfileManager.h */,
				1137BDEA1B24438E00BA20C8 /* ProfileManager.m */,
			);
			name = ProfileManager;
			sourceTree = "<group>";
		};
		114100751A3A3A1B00054859 /* QRScanner */ = {
			isa = PBXGroup;
			children = (
				114100761A3A3A3700054859 /* QRScannerController.h */,
				114100771A3A3A3700054859 /* QRScannerController.m */,
			);
			name = QRScanner;
			sourceTree = "<group>";
		};
		114630981984E19A0075DA16 /* AllChats */ = {
			isa = PBXGroup;
			children = (
				114630DD198555620075DA16 /* Cells */,
				114630991984E1AF0075DA16 /* AllChatsViewController.h */,
				1146309A1984E1AF0075DA16 /* AllChatsViewController.m */,
			);
			name = AllChats;
			sourceTree = "<group>";
		};
		114630DD198555620075DA16 /* Cells */ = {
			isa = PBXGroup;
			children = (
				114630DE198555730075DA16 /* AllChatsCell.h */,
				114630DF198555730075DA16 /* AllChatsCell.m */,
			);
			name = Cells;
			sourceTree = "<group>";
		};
		114630E119857C5D0075DA16 /* Chat */ = {
			isa = PBXGroup;
			children = (
				1195D5FF1B28C2D6004E59FD /* ChatViewController.h */,
				1195D6001B28C2D6004E59FD /* ChatViewController.m */,
				119DFAC01B3D4D75008CA975 /* ChatMessage.h */,
				119DFAC11B3D4D75008CA975 /* ChatMessage.m */,
			);
			name = Chat;
			sourceTree = "<group>";
		};
		1164762619794D3300DB20B8 = {
			isa = PBXGroup;
			children = (
				1164763819794D3300DB20B8 /* Antidote */,
				1164763119794D3300DB20B8 /* Frameworks */,
				1164763019794D3300DB20B8 /* Products */,
				454BE7B91D6EF3C677425911 /* Pods */,
			);
			sourceTree = "<group>";
		};
		1164763019794D3300DB20B8 /* Products */ = {
			isa = PBXGroup;
			children = (
				1164762F19794D3300DB20B8 /* Antidote.app */,
			);
			name = Products;
			sourceTree = "<group>";
		};
		1164763119794D3300DB20B8 /* Frameworks */ = {
			isa = PBXGroup;
			children = (
				1164763219794D3300DB20B8 /* Foundation.framework */,
				1164763419794D3300DB20B8 /* CoreGraphics.framework */,
				1164763619794D3300DB20B8 /* UIKit.framework */,
				1164764B19794D3300DB20B8 /* XCTest.framework */,
				7E7D2AE7333141D09DEE1E40 /* libPods.a */,
			);
			name = Frameworks;
			sourceTree = "<group>";
		};
		1164763819794D3300DB20B8 /* Antidote */ = {
			isa = PBXGroup;
			children = (
				F902D28D1ADED27A0070A3F5 /* Application */,
				1164763919794D3300DB20B8 /* Supporting Files */,
				11835292197993F90048CA64 /* Classes */,
				118352A5197A3DB50048CA64 /* Controllers */,
				F902D28E1ADED2850070A3F5 /* Categories */,
				118352AD197A6F5B0048CA64 /* Utilities */,
				118352A9197A6C210048CA64 /* Views */,
			);
			path = Antidote;
			sourceTree = "<group>";
		};
		1164763919794D3300DB20B8 /* Supporting Files */ = {
			isa = PBXGroup;
			children = (
				1164763A19794D3300DB20B8 /* Antidote-Info.plist */,
				1164763B19794D3300DB20B8 /* InfoPlist.strings */,
				1164763E19794D3300DB20B8 /* main.m */,
				1164764019794D3300DB20B8 /* Antidote-Prefix.pch */,
			);
			name = "Supporting Files";
			sourceTree = "<group>";
		};
		11835292197993F90048CA64 /* Classes */ = {
			isa = PBXGroup;
			children = (
				11CFD0C81B407954002C59DB /* UpdatesAggregator */,
				11A757441B0BB501005DAD82 /* AppContext */,
				11B9E61C1993F3C700FB20A6 /* AppearanceManager */,
				119DFAC31B3DDFF2008CA975 /* AvatarsManager */,
				84B6628A19A250FF00328874 /* CustomLogFormatter */,
				11C3A779198E93B10029A7A0 /* EventsManager */,
				11C4B4CE1B25F8D600646A2E /* Helper */,
				119DFACB1B3EA331008CA975 /* NotificationManager */,
				11E82A9F19CD72B1001561CA /* PreviewItem */,
				1137BDE81B24414100BA20C8 /* ProfileManager */,
				11B9E6141993EBCC00FB20A6 /* TimeFormatter */,
				11CFD0C41B40744A002C59DB /* ToxListener */,
				11A757481B0BB73B005DAD82 /* UserDefaults */,
			);
			name = Classes;
			sourceTree = "<group>";
		};
		118352A5197A3DB50048CA64 /* Controllers */ = {
			isa = PBXGroup;
			children = (
				F0D127DA1B445AC800E2E7B8 /* Call */,
				119BB11F198BE76600380557 /* AddFriend */,
				114630981984E19A0075DA16 /* AllChats */,
				114630E119857C5D0075DA16 /* Chat */,
				11C3A74C198CF4870029A7A0 /* FriendCard */,
				118352B6197A7AF60048CA64 /* Friends */,
				110B8B8819C8E3F1000E4334 /* Profiles */,
				114100751A3A3A1B00054859 /* QRScanner */,
				118352B2197A72DE0048CA64 /* QRViewer */,
				118352B1197A72D90048CA64 /* Settings */,
			);
			name = Controllers;
			sourceTree = "<group>";
		};
		118352A9197A6C210048CA64 /* Views */ = {
			isa = PBXGroup;
			children = (
				11CFD0B71B401375002C59DB /* PassingGestures */,
				11E57F4319C23CF100C8ACB8 /* Cells */,
				F902D2991ADED3000070A3F5 /* BadgeWithText */,
				F902D29A1ADED30B0070A3F5 /* CopyLabel */,
				F902D29B1ADED3170070A3F5 /* StatusCircleView */,
				F902D29C1ADED31E0070A3F5 /* QRScannerAimView */,
			);
			name = Views;
			sourceTree = "<group>";
		};
		118352AD197A6F5B0048CA64 /* Utilities */ = {
			isa = PBXGroup;
			children = (
				F902D2981ADED2E60070A3F5 /* PortraitNavigationController */,
			);
			name = Utilities;
			sourceTree = "<group>";
		};
		118352B1197A72D90048CA64 /* Settings */ = {
			isa = PBXGroup;
			children = (
				11FE3FFA1A7D8C5C00E19766 /* AdvancedSettingsViewController.h */,
				11FE3FFB1A7D8C5C00E19766 /* AdvancedSettingsViewController.m */,
				11FE3FFD1A7D8E2800E19766 /* BasicSettingsViewController.h */,
				11FE3FFE1A7D8E2800E19766 /* BasicSettingsViewController.m */,
				118352A6197A64B70048CA64 /* SettingsViewController.h */,
				118352A7197A64B70048CA64 /* SettingsViewController.m */,
			);
			name = Settings;
			sourceTree = "<group>";
		};
		118352B2197A72DE0048CA64 /* QRViewer */ = {
			isa = PBXGroup;
			children = (
				118352B3197A72F10048CA64 /* QRViewerController.h */,
				118352B4197A72F10048CA64 /* QRViewerController.m */,
			);
			name = QRViewer;
			sourceTree = "<group>";
		};
		118352B6197A7AF60048CA64 /* Friends */ = {
			isa = PBXGroup;
			children = (
				118352BD197A7CD50048CA64 /* Cells */,
				118352B7197A7B040048CA64 /* FriendsViewController.h */,
				118352B8197A7B040048CA64 /* FriendsViewController.m */,
			);
			name = Friends;
			sourceTree = "<group>";
		};
		118352BD197A7CD50048CA64 /* Cells */ = {
			isa = PBXGroup;
			children = (
				118352DB197AEB010048CA64 /* FriendRequestsCell.h */,
				118352DC197AEB010048CA64 /* FriendRequestsCell.m */,
				118352BE197A7CE80048CA64 /* FriendsCell.h */,
				118352BF197A7CE80048CA64 /* FriendsCell.m */,
			);
			name = Cells;
			sourceTree = "<group>";
		};
		119BB11F198BE76600380557 /* AddFriend */ = {
			isa = PBXGroup;
			children = (
				119BB120198BE77900380557 /* AddFriendViewController.h */,
				119BB121198BE77900380557 /* AddFriendViewController.m */,
			);
			name = AddFriend;
			sourceTree = "<group>";
		};
		119DFAC31B3DDFF2008CA975 /* AvatarsManager */ = {
			isa = PBXGroup;
			children = (
				119DFAC41B3DDFFE008CA975 /* AvatarsManager.h */,
				119DFAC51B3DDFFE008CA975 /* AvatarsManager.m */,
			);
			name = AvatarsManager;
			sourceTree = "<group>";
		};
		119DFACB1B3EA331008CA975 /* NotificationManager */ = {
			isa = PBXGroup;
			children = (
				119DFACC1B3EA34F008CA975 /* NotificationManager.h */,
				119DFACD1B3EA34F008CA975 /* NotificationManager.m */,
				119DFACF1B3EA462008CA975 /* NotificationObject.h */,
				119DFAD01B3EA462008CA975 /* NotificationObject.m */,
				11CFD0B41B3F526E002C59DB /* NotificationView.h */,
				11CFD0B51B3F526E002C59DB /* NotificationView.m */,
				11CFD0C11B406A96002C59DB /* NotificationViewController.h */,
				11CFD0C21B406A96002C59DB /* NotificationViewController.m */,
			);
			name = NotificationManager;
			sourceTree = "<group>";
		};
		11A757441B0BB501005DAD82 /* AppContext */ = {
			isa = PBXGroup;
			children = (
				11A757451B0BB50F005DAD82 /* AppContext.h */,
				11A757461B0BB50F005DAD82 /* AppContext.m */,
			);
			name = AppContext;
			sourceTree = "<group>";
		};
		11A757481B0BB73B005DAD82 /* UserDefaults */ = {
			isa = PBXGroup;
			children = (
				11A757491B0BB74C005DAD82 /* UserDefaultsManager.h */,
				11A7574A1B0BB74C005DAD82 /* UserDefaultsManager.m */,
			);
			name = UserDefaults;
			sourceTree = "<group>";
		};
		11B9E6141993EBCC00FB20A6 /* TimeFormatter */ = {
			isa = PBXGroup;
			children = (
				11B9E6151993EBDB00FB20A6 /* TimeFormatter.h */,
				11B9E6161993EBDB00FB20A6 /* TimeFormatter.m */,
			);
			name = TimeFormatter;
			sourceTree = "<group>";
		};
		11B9E61C1993F3C700FB20A6 /* AppearanceManager */ = {
			isa = PBXGroup;
			children = (
				11B9E61D1993F3D700FB20A6 /* AppearanceManager.h */,
				11B9E61E1993F3D700FB20A6 /* AppearanceManager.m */,
			);
			name = AppearanceManager;
			sourceTree = "<group>";
		};
		11C3A74C198CF4870029A7A0 /* FriendCard */ = {
			isa = PBXGroup;
			children = (
				11C3A74D198CF4960029A7A0 /* FriendCardViewController.h */,
				11C3A74E198CF4960029A7A0 /* FriendCardViewController.m */,
			);
			name = FriendCard;
			sourceTree = "<group>";
		};
		11C3A779198E93B10029A7A0 /* EventsManager */ = {
			isa = PBXGroup;
			children = (
				11C3A77A198E93FB0029A7A0 /* EventsManager.h */,
				11C3A77B198E93FB0029A7A0 /* EventsManager.m */,
				11C3A77D198E948D0029A7A0 /* EventObject.h */,
				11C3A77E198E948D0029A7A0 /* EventObject.m */,
			);
			name = EventsManager;
			sourceTree = "<group>";
		};
		11C4B4CE1B25F8D600646A2E /* Helper */ = {
			isa = PBXGroup;
			children = (
				11C4B4CF1B25F8DF00646A2E /* Helper.h */,
				11C4B4D01B25F8DF00646A2E /* Helper.m */,
			);
			name = Helper;
			sourceTree = "<group>";
		};
		11CFD0B71B401375002C59DB /* PassingGestures */ = {
			isa = PBXGroup;
			children = (
				11CFD0B81B401385002C59DB /* ViewPassingGestures.h */,
				11CFD0B91B401385002C59DB /* ViewPassingGestures.m */,
				11CFD0BB1B401394002C59DB /* WindowPassingGestures.h */,
				11CFD0BC1B401394002C59DB /* WindowPassingGestures.m */,
			);
			name = PassingGestures;
			sourceTree = "<group>";
		};
		11CFD0C41B40744A002C59DB /* ToxListener */ = {
			isa = PBXGroup;
			children = (
				11CFD0C51B40745E002C59DB /* ToxListener.h */,
				11CFD0C61B40745E002C59DB /* ToxListener.m */,
			);
			name = ToxListener;
			sourceTree = "<group>";
		};
		11CFD0C81B407954002C59DB /* UpdatesAggregator */ = {
			isa = PBXGroup;
			children = (
				11CFD0CF1B407B57002C59DB /* UpdatesQueue.h */,
				11CFD0D01B407B57002C59DB /* UpdatesQueue.m */,
			);
			name = UpdatesAggregator;
			sourceTree = "<group>";
		};
		11E57F4319C23CF100C8ACB8 /* Cells */ = {
			isa = PBXGroup;
			children = (
				11C2AA0419C4979A003BE161 /* CellWithColorscheme.h */,
				11C2AA0519C4979A003BE161 /* CellWithColorscheme.m */,
				11E57F4419C23D1F00C8ACB8 /* CellWithNameStatusAvatar.h */,
				11E57F4519C23D1F00C8ACB8 /* CellWithNameStatusAvatar.m */,
				11FCD3481A5B283D00DE10CC /* CellWithSwitch.h */,
				11FCD3491A5B283D00DE10CC /* CellWithSwitch.m */,
				11C2AA0119C48F31003BE161 /* CellWithToxId.h */,
				11C2AA0219C48F31003BE161 /* CellWithToxId.m */,
			);
			name = Cells;
			sourceTree = "<group>";
		};
		11E82A9F19CD72B1001561CA /* PreviewItem */ = {
			isa = PBXGroup;
			children = (
				11E82AA019CD72E6001561CA /* PreviewItem.h */,
				11E82AA119CD72E6001561CA /* PreviewItem.m */,
			);
			name = PreviewItem;
			sourceTree = "<group>";
		};
		454BE7B91D6EF3C677425911 /* Pods */ = {
			isa = PBXGroup;
			children = (
				B256424EA3A055BD47F475CD /* Pods.debug.xcconfig */,
				4ADD1C1DD88A391117C30B9F /* Pods.release.xcconfig */,
			);
			name = Pods;
			sourceTree = "<group>";
		};
		84B6628A19A250FF00328874 /* CustomLogFormatter */ = {
			isa = PBXGroup;
			children = (
				84B6628B19A2510A00328874 /* CustomLogFormatter.h */,
				84B6628C19A2510A00328874 /* CustomLogFormatter.m */,
			);
			name = CustomLogFormatter;
			sourceTree = "<group>";
		};
		F0D127DA1B445AC800E2E7B8 /* Call */ = {
			isa = PBXGroup;
			children = (
				F0D127DB1B445B2700E2E7B8 /* DialingCallViewController.h */,
				F0D127DC1B445B2700E2E7B8 /* DialingCallViewController.m */,
				F09B9A261B45AF3800F74A46 /* RingingCallViewController.h */,
				F09B9A271B45AF3800F74A46 /* RingingCallViewController.m */,
				F09B9A291B45AF4300F74A46 /* ActiveCallViewController.h */,
				F09B9A2A1B45AF4300F74A46 /* ActiveCallViewController.m */,
				F09B9A2C1B45B26600F74A46 /* AbstractCallViewController.h */,
				F09B9A2D1B45B26600F74A46 /* AbstractCallViewController.m */,
			);
			name = Call;
			sourceTree = "<group>";
		};
		F902D28D1ADED27A0070A3F5 /* Application */ = {
			isa = PBXGroup;
			children = (
				1164764119794D3300DB20B8 /* AppDelegate.h */,
				1164764219794D3300DB20B8 /* AppDelegate.m */,
				1146308619842C730075DA16 /* Model.xcdatamodeld */,
				1164764419794D3300DB20B8 /* Images.xcassets */,
			);
			name = Application;
			sourceTree = "<group>";
		};
		F902D28E1ADED2850070A3F5 /* Categories */ = {
			isa = PBXGroup;
			children = (
				F902D2931ADED2BC0070A3F5 /* UIColor+Utilities */,
				F902D2941ADED2C90070A3F5 /* UIImage+Utilities */,
				F902D2951ADED2D00070A3F5 /* UITableViewCell+Utilities */,
				F902D2961ADED2D50070A3F5 /* UIView+Utilities */,
				F902D2971ADED2E00070A3F5 /* UIViewController+Utilities */,
				F902D2911ADED2A00070A3F5 /* NSString+Utilities */,
				F902D2901ADED2970070A3F5 /* NSIndexSet+Utilities */,
				F902D28F1ADED28D0070A3F5 /* AppDelegate+Utilities */,
			);
			name = Categories;
			sourceTree = "<group>";
		};
		F902D28F1ADED28D0070A3F5 /* AppDelegate+Utilities */ = {
			isa = PBXGroup;
			children = (
				119BB11C198B536300380557 /* AppDelegate+Utilities.h */,
				119BB11D198B536300380557 /* AppDelegate+Utilities.m */,
			);
			name = "AppDelegate+Utilities";
			sourceTree = "<group>";
		};
		F902D2901ADED2970070A3F5 /* NSIndexSet+Utilities */ = {
			isa = PBXGroup;
			children = (
				11C7C6B619840C3E001B849B /* NSIndexSet+Utilities.h */,
				11C7C6B719840C3E001B849B /* NSIndexSet+Utilities.m */,
			);
			name = "NSIndexSet+Utilities";
			sourceTree = "<group>";
		};
		F902D2911ADED2A00070A3F5 /* NSString+Utilities */ = {
			isa = PBXGroup;
			children = (
				118352AE197A6F7F0048CA64 /* NSString+Utilities.h */,
				118352AF197A6F7F0048CA64 /* NSString+Utilities.m */,
			);
			name = "NSString+Utilities";
			sourceTree = "<group>";
		};
		F902D2931ADED2BC0070A3F5 /* UIColor+Utilities */ = {
			isa = PBXGroup;
			children = (
				118352C7197A867A0048CA64 /* UIColor+Utilities.h */,
				118352C8197A867A0048CA64 /* UIColor+Utilities.m */,
			);
			name = "UIColor+Utilities";
			sourceTree = "<group>";
		};
		F902D2941ADED2C90070A3F5 /* UIImage+Utilities */ = {
			isa = PBXGroup;
			children = (
				11C3A754198D3E460029A7A0 /* UIImage+Utilities.h */,
				11C3A755198D3E460029A7A0 /* UIImage+Utilities.m */,
			);
			name = "UIImage+Utilities";
			sourceTree = "<group>";
		};
		F902D2951ADED2D00070A3F5 /* UITableViewCell+Utilities */ = {
			isa = PBXGroup;
			children = (
				117FCFAF19BCBFF80026C13B /* UITableViewCell+Utilities.h */,
				117FCFB019BCBFF80026C13B /* UITableViewCell+Utilities.m */,
			);
			name = "UITableViewCell+Utilities";
			sourceTree = "<group>";
		};
		F902D2961ADED2D50070A3F5 /* UIView+Utilities */ = {
			isa = PBXGroup;
			children = (
				118352C4197A802D0048CA64 /* UIView+Utilities.h */,
				118352C5197A802D0048CA64 /* UIView+Utilities.m */,
			);
			name = "UIView+Utilities";
			sourceTree = "<group>";
		};
		F902D2971ADED2E00070A3F5 /* UIViewController+Utilities */ = {
			isa = PBXGroup;
			children = (
				118352BA197A7B960048CA64 /* UIViewController+Utilities.h */,
				118352BB197A7B960048CA64 /* UIViewController+Utilities.m */,
			);
			name = "UIViewController+Utilities";
			sourceTree = "<group>";
		};
		F902D2981ADED2E60070A3F5 /* PortraitNavigationController */ = {
			isa = PBXGroup;
			children = (
				F9FB7D581ADED01A004FA894 /* PortraitNavigationController.h */,
				F9FB7D591ADED01A004FA894 /* PortraitNavigationController.m */,
			);
			name = PortraitNavigationController;
			sourceTree = "<group>";
		};
		F902D2991ADED3000070A3F5 /* BadgeWithText */ = {
			isa = PBXGroup;
			children = (
				11B5A364199626920005C1E7 /* BadgeWithText.h */,
				11B5A365199626920005C1E7 /* BadgeWithText.m */,
			);
			name = BadgeWithText;
			sourceTree = "<group>";
		};
		F902D29A1ADED30B0070A3F5 /* CopyLabel */ = {
			isa = PBXGroup;
			children = (
				118352AA197A6C410048CA64 /* CopyLabel.h */,
				118352AB197A6C410048CA64 /* CopyLabel.m */,
			);
			name = CopyLabel;
			sourceTree = "<group>";
		};
		F902D29B1ADED3170070A3F5 /* StatusCircleView */ = {
			isa = PBXGroup;
			children = (
				118352C1197A7D390048CA64 /* StatusCircleView.h */,
				118352C2197A7D3A0048CA64 /* StatusCircleView.m */,
			);
			name = StatusCircleView;
			sourceTree = "<group>";
		};
		F902D29C1ADED31E0070A3F5 /* QRScannerAimView */ = {
			isa = PBXGroup;
			children = (
				F970DEA71ADA39B500EE2EE4 /* QRScannerAimView.h */,
				F970DEA81ADA39B500EE2EE4 /* QRScannerAimView.m */,
			);
			name = QRScannerAimView;
			sourceTree = "<group>";
		};
/* End PBXGroup section */

/* Begin PBXNativeTarget section */
		1164762E19794D3300DB20B8 /* Antidote */ = {
			isa = PBXNativeTarget;
			buildConfigurationList = 1164765B19794D3300DB20B8 /* Build configuration list for PBXNativeTarget "Antidote" */;
			buildPhases = (
				15920CF02947462BB669E402 /* Check Pods Manifest.lock */,
				1164762B19794D3300DB20B8 /* Sources */,
				1164762C19794D3300DB20B8 /* Frameworks */,
				1164762D19794D3300DB20B8 /* Resources */,
				765330FB0A1142E6A0B97483 /* Copy Pods Resources */,
			);
			buildRules = (
			);
			dependencies = (
			);
			name = Antidote;
			productName = Antidote;
			productReference = 1164762F19794D3300DB20B8 /* Antidote.app */;
			productType = "com.apple.product-type.application";
		};
/* End PBXNativeTarget section */

/* Begin PBXProject section */
		1164762719794D3300DB20B8 /* Project object */ = {
			isa = PBXProject;
			attributes = {
				LastUpgradeCheck = 0510;
				ORGANIZATIONNAME = dvor;
			};
			buildConfigurationList = 1164762A19794D3300DB20B8 /* Build configuration list for PBXProject "Antidote" */;
			compatibilityVersion = "Xcode 3.2";
			developmentRegion = English;
			hasScannedForEncodings = 0;
			knownRegions = (
				en,
			);
			mainGroup = 1164762619794D3300DB20B8;
			productRefGroup = 1164763019794D3300DB20B8 /* Products */;
			projectDirPath = "";
			projectRoot = "";
			targets = (
				1164762E19794D3300DB20B8 /* Antidote */,
			);
		};
/* End PBXProject section */

/* Begin PBXResourcesBuildPhase section */
		1164762D19794D3300DB20B8 /* Resources */ = {
			isa = PBXResourcesBuildPhase;
			buildActionMask = 2147483647;
			files = (
				1164763D19794D3300DB20B8 /* InfoPlist.strings in Resources */,
				1164764519794D3300DB20B8 /* Images.xcassets in Resources */,
			);
			runOnlyForDeploymentPostprocessing = 0;
		};
/* End PBXResourcesBuildPhase section */

/* Begin PBXShellScriptBuildPhase section */
		15920CF02947462BB669E402 /* Check Pods Manifest.lock */ = {
			isa = PBXShellScriptBuildPhase;
			buildActionMask = 2147483647;
			files = (
			);
			inputPaths = (
			);
			name = "Check Pods Manifest.lock";
			outputPaths = (
			);
			runOnlyForDeploymentPostprocessing = 0;
			shellPath = /bin/sh;
			shellScript = "diff \"${PODS_ROOT}/../Podfile.lock\" \"${PODS_ROOT}/Manifest.lock\" > /dev/null\nif [[ $? != 0 ]] ; then\n    cat << EOM\nerror: The sandbox is not in sync with the Podfile.lock. Run 'pod install' or update your CocoaPods installation.\nEOM\n    exit 1\nfi\n";
			showEnvVarsInLog = 0;
		};
		765330FB0A1142E6A0B97483 /* Copy Pods Resources */ = {
			isa = PBXShellScriptBuildPhase;
			buildActionMask = 2147483647;
			files = (
			);
			inputPaths = (
			);
			name = "Copy Pods Resources";
			outputPaths = (
			);
			runOnlyForDeploymentPostprocessing = 0;
			shellPath = /bin/sh;
			shellScript = "\"${SRCROOT}/Pods/Target Support Files/Pods/Pods-resources.sh\"\n";
			showEnvVarsInLog = 0;
		};
/* End PBXShellScriptBuildPhase section */

/* Begin PBXSourcesBuildPhase section */
		1164762B19794D3300DB20B8 /* Sources */ = {
			isa = PBXSourcesBuildPhase;
			buildActionMask = 2147483647;
			files = (
				11C3A74F198CF4960029A7A0 /* FriendCardViewController.m in Sources */,
				11CFD0B61B3F526E002C59DB /* NotificationView.m in Sources */,
				11A7574B1B0BB74C005DAD82 /* UserDefaultsManager.m in Sources */,
				11FCD34A1A5B283D00DE10CC /* CellWithSwitch.m in Sources */,
				114100781A3A3A3700054859 /* QRScannerController.m in Sources */,
				11CFD0C31B406A96002C59DB /* NotificationViewController.m in Sources */,
				118352C9197A867A0048CA64 /* UIColor+Utilities.m in Sources */,
				1146309B1984E1AF0075DA16 /* AllChatsViewController.m in Sources */,
				118352B0197A6F7F0048CA64 /* NSString+Utilities.m in Sources */,
				110B8B8B19C8E3FE000E4334 /* ProfilesViewController.m in Sources */,
				11CFD0C71B40745E002C59DB /* ToxListener.m in Sources */,
				11FE3FFC1A7D8C5C00E19766 /* AdvancedSettingsViewController.m in Sources */,
				1164764319794D3300DB20B8 /* AppDelegate.m in Sources */,
				84B6628D19A2510A00328874 /* CustomLogFormatter.m in Sources */,
				11E82AA219CD72E6001561CA /* PreviewItem.m in Sources */,
				1195D6011B28C2D6004E59FD /* ChatViewController.m in Sources */,
				F09B9A2E1B45B26600F74A46 /* AbstractCallViewController.m in Sources */,
				F970DEA91ADA39B500EE2EE4 /* QRScannerAimView.m in Sources */,
				11C7C6B819840C3E001B849B /* NSIndexSet+Utilities.m in Sources */,
				118352B9197A7B040048CA64 /* FriendsViewController.m in Sources */,
				118352C6197A802D0048CA64 /* UIView+Utilities.m in Sources */,
				F0D127DD1B445B2700E2E7B8 /* DialingCallViewController.m in Sources */,
				11C4B4D11B25F8DF00646A2E /* Helper.m in Sources */,
				119BB122198BE77900380557 /* AddFriendViewController.m in Sources */,
				11C3A77F198E948D0029A7A0 /* EventObject.m in Sources */,
				11B9E6171993EBDB00FB20A6 /* TimeFormatter.m in Sources */,
				11FE3FFF1A7D8E2800E19766 /* BasicSettingsViewController.m in Sources */,
				114630E0198555730075DA16 /* AllChatsCell.m in Sources */,
				1164763F19794D3300DB20B8 /* main.m in Sources */,
				117FCFB119BCBFF80026C13B /* UITableViewCell+Utilities.m in Sources */,
				11CFD0D11B407B57002C59DB /* UpdatesQueue.m in Sources */,
				11CFD0BA1B401385002C59DB /* ViewPassingGestures.m in Sources */,
				11E57F4619C23D1F00C8ACB8 /* CellWithNameStatusAvatar.m in Sources */,
				119DFAC21B3D4D75008CA975 /* ChatMessage.m in Sources */,
				118352BC197A7B960048CA64 /* UIViewController+Utilities.m in Sources */,
				118352DD197AEB010048CA64 /* FriendRequestsCell.m in Sources */,
				11B9E61F1993F3D700FB20A6 /* AppearanceManager.m in Sources */,
				118352B5197A72F10048CA64 /* QRViewerController.m in Sources */,
				118352C0197A7CE80048CA64 /* FriendsCell.m in Sources */,
				11C3A756198D3E460029A7A0 /* UIImage+Utilities.m in Sources */,
				F09B9A281B45AF3800F74A46 /* RingingCallViewController.m in Sources */,
				11A757471B0BB50F005DAD82 /* AppContext.m in Sources */,
				11C2AA0319C48F31003BE161 /* CellWithToxId.m in Sources */,
				F9FB7D5A1ADED01A004FA894 /* PortraitNavigationController.m in Sources */,
				119DFAC61B3DDFFE008CA975 /* AvatarsManager.m in Sources */,
				1137BDEB1B24438E00BA20C8 /* ProfileManager.m in Sources */,
				11B5A366199626920005C1E7 /* BadgeWithText.m in Sources */,
				118352AC197A6C410048CA64 /* CopyLabel.m in Sources */,
				1146308819842C730075DA16 /* Model.xcdatamodeld in Sources */,
				11C2AA0619C4979A003BE161 /* CellWithColorscheme.m in Sources */,
				11C3A77C198E93FB0029A7A0 /* EventsManager.m in Sources */,
				118352A8197A64B70048CA64 /* SettingsViewController.m in Sources */,
				119BB11E198B536300380557 /* AppDelegate+Utilities.m in Sources */,
				F09B9A2B1B45AF4300F74A46 /* ActiveCallViewController.m in Sources */,
				119DFAD11B3EA462008CA975 /* NotificationObject.m in Sources */,
				11CFD0BD1B401394002C59DB /* WindowPassingGestures.m in Sources */,
				119DFACE1B3EA34F008CA975 /* NotificationManager.m in Sources */,
				118352C3197A7D3A0048CA64 /* StatusCircleView.m in Sources */,
			);
			runOnlyForDeploymentPostprocessing = 0;
		};
/* End PBXSourcesBuildPhase section */

/* Begin PBXVariantGroup section */
		1164763B19794D3300DB20B8 /* InfoPlist.strings */ = {
			isa = PBXVariantGroup;
			children = (
				1164763C19794D3300DB20B8 /* en */,
			);
			name = InfoPlist.strings;
			sourceTree = "<group>";
		};
/* End PBXVariantGroup section */

/* Begin XCBuildConfiguration section */
		1164765919794D3300DB20B8 /* Debug */ = {
			isa = XCBuildConfiguration;
			buildSettings = {
				ALWAYS_SEARCH_USER_PATHS = NO;
				CLANG_CXX_LANGUAGE_STANDARD = "gnu++0x";
				CLANG_CXX_LIBRARY = "libc++";
				CLANG_ENABLE_MODULES = YES;
				CLANG_ENABLE_OBJC_ARC = YES;
				CLANG_WARN_BOOL_CONVERSION = YES;
				CLANG_WARN_CONSTANT_CONVERSION = YES;
				CLANG_WARN_DIRECT_OBJC_ISA_USAGE = YES_ERROR;
				CLANG_WARN_EMPTY_BODY = YES;
				CLANG_WARN_ENUM_CONVERSION = YES;
				CLANG_WARN_INT_CONVERSION = YES;
				CLANG_WARN_OBJC_ROOT_CLASS = YES_ERROR;
				CLANG_WARN__DUPLICATE_METHOD_MATCH = YES;
				COPY_PHASE_STRIP = NO;
				GCC_C_LANGUAGE_STANDARD = gnu99;
				GCC_DYNAMIC_NO_PIC = NO;
				GCC_OPTIMIZATION_LEVEL = 0;
				GCC_PREPROCESSOR_DEFINITIONS = (
					"DEBUG=1",
					"$(inherited)",
				);
				GCC_SYMBOLS_PRIVATE_EXTERN = NO;
				GCC_WARN_64_TO_32_BIT_CONVERSION = YES;
				GCC_WARN_ABOUT_RETURN_TYPE = YES_ERROR;
				GCC_WARN_UNDECLARED_SELECTOR = YES;
				GCC_WARN_UNINITIALIZED_AUTOS = YES_AGGRESSIVE;
				GCC_WARN_UNUSED_FUNCTION = YES;
				GCC_WARN_UNUSED_VARIABLE = YES;
				IPHONEOS_DEPLOYMENT_TARGET = 7.0;
				ONLY_ACTIVE_ARCH = YES;
				SDKROOT = iphoneos;
			};
			name = Debug;
		};
		1164765A19794D3300DB20B8 /* Release */ = {
			isa = XCBuildConfiguration;
			buildSettings = {
				ALWAYS_SEARCH_USER_PATHS = NO;
				CLANG_CXX_LANGUAGE_STANDARD = "gnu++0x";
				CLANG_CXX_LIBRARY = "libc++";
				CLANG_ENABLE_MODULES = YES;
				CLANG_ENABLE_OBJC_ARC = YES;
				CLANG_WARN_BOOL_CONVERSION = YES;
				CLANG_WARN_CONSTANT_CONVERSION = YES;
				CLANG_WARN_DIRECT_OBJC_ISA_USAGE = YES_ERROR;
				CLANG_WARN_EMPTY_BODY = YES;
				CLANG_WARN_ENUM_CONVERSION = YES;
				CLANG_WARN_INT_CONVERSION = YES;
				CLANG_WARN_OBJC_ROOT_CLASS = YES_ERROR;
				CLANG_WARN__DUPLICATE_METHOD_MATCH = YES;
				COPY_PHASE_STRIP = YES;
				ENABLE_NS_ASSERTIONS = NO;
				GCC_C_LANGUAGE_STANDARD = gnu99;
				GCC_WARN_64_TO_32_BIT_CONVERSION = YES;
				GCC_WARN_ABOUT_RETURN_TYPE = YES_ERROR;
				GCC_WARN_UNDECLARED_SELECTOR = YES;
				GCC_WARN_UNINITIALIZED_AUTOS = YES_AGGRESSIVE;
				GCC_WARN_UNUSED_FUNCTION = YES;
				GCC_WARN_UNUSED_VARIABLE = YES;
				IPHONEOS_DEPLOYMENT_TARGET = 7.0;
				SDKROOT = iphoneos;
				VALIDATE_PRODUCT = YES;
			};
			name = Release;
		};
		1164765C19794D3300DB20B8 /* Debug */ = {
			isa = XCBuildConfiguration;
			baseConfigurationReference = B256424EA3A055BD47F475CD /* Pods.debug.xcconfig */;
			buildSettings = {
				ASSETCATALOG_COMPILER_APPICON_NAME = AppIcon;
				ASSETCATALOG_COMPILER_LAUNCHIMAGE_NAME = LaunchImage;
				CLANG_STATIC_ANALYZER_MODE = deep;
				CODE_SIGN_IDENTITY = "iPhone Distribution: Chuong Vu";
				"CODE_SIGN_IDENTITY[sdk=iphoneos*]" = "iPhone Distribution: Chuong Vu";
				GCC_PRECOMPILE_PREFIX_HEADER = YES;
				GCC_PREFIX_HEADER = "Antidote/Antidote-Prefix.pch";
				GCC_WARN_SIGN_COMPARE = YES;
				INFOPLIST_FILE = "Antidote/Antidote-Info.plist";
				PRODUCT_NAME = "$(TARGET_NAME)";
				PROVISIONING_PROFILE = "";
				RUN_CLANG_STATIC_ANALYZER = YES;
				TARGETED_DEVICE_FAMILY = 1;
				WRAPPER_EXTENSION = app;
			};
			name = Debug;
		};
		1164765D19794D3300DB20B8 /* Release */ = {
			isa = XCBuildConfiguration;
			baseConfigurationReference = 4ADD1C1DD88A391117C30B9F /* Pods.release.xcconfig */;
			buildSettings = {
				ASSETCATALOG_COMPILER_APPICON_NAME = AppIcon;
				ASSETCATALOG_COMPILER_LAUNCHIMAGE_NAME = LaunchImage;
				CLANG_STATIC_ANALYZER_MODE = deep;
				CODE_SIGN_IDENTITY = "";
				"CODE_SIGN_IDENTITY[sdk=iphoneos*]" = "";
				GCC_PRECOMPILE_PREFIX_HEADER = YES;
				GCC_PREFIX_HEADER = "Antidote/Antidote-Prefix.pch";
				GCC_WARN_SIGN_COMPARE = YES;
				INFOPLIST_FILE = "Antidote/Antidote-Info.plist";
				PRODUCT_NAME = "$(TARGET_NAME)";
				PROVISIONING_PROFILE = "";
				RUN_CLANG_STATIC_ANALYZER = YES;
				TARGETED_DEVICE_FAMILY = 1;
				WRAPPER_EXTENSION = app;
			};
			name = Release;
		};
/* End XCBuildConfiguration section */

/* Begin XCConfigurationList section */
		1164762A19794D3300DB20B8 /* Build configuration list for PBXProject "Antidote" */ = {
			isa = XCConfigurationList;
			buildConfigurations = (
				1164765919794D3300DB20B8 /* Debug */,
				1164765A19794D3300DB20B8 /* Release */,
			);
			defaultConfigurationIsVisible = 0;
			defaultConfigurationName = Release;
		};
		1164765B19794D3300DB20B8 /* Build configuration list for PBXNativeTarget "Antidote" */ = {
			isa = XCConfigurationList;
			buildConfigurations = (
				1164765C19794D3300DB20B8 /* Debug */,
				1164765D19794D3300DB20B8 /* Release */,
			);
			defaultConfigurationIsVisible = 0;
			defaultConfigurationName = Release;
		};
/* End XCConfigurationList section */

/* Begin XCVersionGroup section */
		1146308619842C730075DA16 /* Model.xcdatamodeld */ = {
			isa = XCVersionGroup;
			children = (
				1146308719842C730075DA16 /* Model.xcdatamodel */,
			);
			currentVersion = 1146308719842C730075DA16 /* Model.xcdatamodel */;
			path = Model.xcdatamodeld;
			sourceTree = "<group>";
			versionGroupType = wrapper.xcdatamodel;
		};
/* End XCVersionGroup section */
	};
	rootObject = 1164762719794D3300DB20B8 /* Project object */;
}
