// !$*UTF8*$!
{
	archiveVersion = 1;
	classes = {
	};
	objectVersion = 46;
	objects = {

/* Begin PBXBuildFile section */
		1164763319794D3300DB20B8 /* Foundation.framework in Frameworks */ = {isa = PBXBuildFile; fileRef = 1164763219794D3300DB20B8 /* Foundation.framework */; };
		1164763519794D3300DB20B8 /* CoreGraphics.framework in Frameworks */ = {isa = PBXBuildFile; fileRef = 1164763419794D3300DB20B8 /* CoreGraphics.framework */; };
		1164763719794D3300DB20B8 /* UIKit.framework in Frameworks */ = {isa = PBXBuildFile; fileRef = 1164763619794D3300DB20B8 /* UIKit.framework */; };
		1164763D19794D3300DB20B8 /* InfoPlist.strings in Resources */ = {isa = PBXBuildFile; fileRef = 1164763B19794D3300DB20B8 /* InfoPlist.strings */; };
		1164763F19794D3300DB20B8 /* main.m in Sources */ = {isa = PBXBuildFile; fileRef = 1164763E19794D3300DB20B8 /* main.m */; };
		1164764319794D3300DB20B8 /* AppDelegate.m in Sources */ = {isa = PBXBuildFile; fileRef = 1164764219794D3300DB20B8 /* AppDelegate.m */; };
		1164764519794D3300DB20B8 /* Images.xcassets in Resources */ = {isa = PBXBuildFile; fileRef = 1164764419794D3300DB20B8 /* Images.xcassets */; };
		1164768C19794E7300DB20B8 /* assoc.c in Sources */ = {isa = PBXBuildFile; fileRef = 1164766219794E7300DB20B8 /* assoc.c */; };
		1164768D19794E7300DB20B8 /* crypto_core.c in Sources */ = {isa = PBXBuildFile; fileRef = 1164766419794E7300DB20B8 /* crypto_core.c */; };
		1164768E19794E7300DB20B8 /* DHT.c in Sources */ = {isa = PBXBuildFile; fileRef = 1164766619794E7300DB20B8 /* DHT.c */; };
		1164768F19794E7300DB20B8 /* friend_requests.c in Sources */ = {isa = PBXBuildFile; fileRef = 1164766819794E7300DB20B8 /* friend_requests.c */; };
		1164769019794E7300DB20B8 /* group_chats.c in Sources */ = {isa = PBXBuildFile; fileRef = 1164766A19794E7300DB20B8 /* group_chats.c */; };
		1164769119794E7300DB20B8 /* LAN_discovery.c in Sources */ = {isa = PBXBuildFile; fileRef = 1164766C19794E7300DB20B8 /* LAN_discovery.c */; };
		1164769219794E7300DB20B8 /* list.c in Sources */ = {isa = PBXBuildFile; fileRef = 1164766E19794E7300DB20B8 /* list.c */; };
		1164769319794E7300DB20B8 /* logger.c in Sources */ = {isa = PBXBuildFile; fileRef = 1164767019794E7300DB20B8 /* logger.c */; };
		1164769519794E7300DB20B8 /* Messenger.c in Sources */ = {isa = PBXBuildFile; fileRef = 1164767319794E7300DB20B8 /* Messenger.c */; };
		1164769619794E7300DB20B8 /* net_crypto.c in Sources */ = {isa = PBXBuildFile; fileRef = 1164767619794E7300DB20B8 /* net_crypto.c */; };
		1164769719794E7300DB20B8 /* network.c in Sources */ = {isa = PBXBuildFile; fileRef = 1164767819794E7300DB20B8 /* network.c */; };
		1164769819794E7300DB20B8 /* onion_announce.c in Sources */ = {isa = PBXBuildFile; fileRef = 1164767A19794E7300DB20B8 /* onion_announce.c */; };
		1164769919794E7300DB20B8 /* onion_client.c in Sources */ = {isa = PBXBuildFile; fileRef = 1164767C19794E7300DB20B8 /* onion_client.c */; };
		1164769A19794E7300DB20B8 /* onion.c in Sources */ = {isa = PBXBuildFile; fileRef = 1164767E19794E7300DB20B8 /* onion.c */; };
		1164769B19794E7300DB20B8 /* ping_array.c in Sources */ = {isa = PBXBuildFile; fileRef = 1164768019794E7300DB20B8 /* ping_array.c */; };
		1164769C19794E7300DB20B8 /* ping.c in Sources */ = {isa = PBXBuildFile; fileRef = 1164768219794E7300DB20B8 /* ping.c */; };
		1164769D19794E7300DB20B8 /* TCP_client.c in Sources */ = {isa = PBXBuildFile; fileRef = 1164768419794E7300DB20B8 /* TCP_client.c */; };
		1164769E19794E7300DB20B8 /* TCP_server.c in Sources */ = {isa = PBXBuildFile; fileRef = 1164768619794E7300DB20B8 /* TCP_server.c */; };
		1164769F19794E7300DB20B8 /* tox.c in Sources */ = {isa = PBXBuildFile; fileRef = 1164768819794E7300DB20B8 /* tox.c */; };
		116476A019794E7300DB20B8 /* util.c in Sources */ = {isa = PBXBuildFile; fileRef = 1164768A19794E7300DB20B8 /* util.c */; };
		11835295197994050048CA64 /* ToxManager.m in Sources */ = {isa = PBXBuildFile; fileRef = 11835294197994050048CA64 /* ToxManager.m */; };
		118352A41979BD4C0048CA64 /* UserInfoManager.m in Sources */ = {isa = PBXBuildFile; fileRef = 118352A31979BD4C0048CA64 /* UserInfoManager.m */; };
		118352A8197A64B70048CA64 /* SettingsViewController.m in Sources */ = {isa = PBXBuildFile; fileRef = 118352A7197A64B70048CA64 /* SettingsViewController.m */; };
		118352AC197A6C410048CA64 /* CopyLabel.m in Sources */ = {isa = PBXBuildFile; fileRef = 118352AB197A6C410048CA64 /* CopyLabel.m */; };
		118352B0197A6F7F0048CA64 /* NSString+Utilities.m in Sources */ = {isa = PBXBuildFile; fileRef = 118352AF197A6F7F0048CA64 /* NSString+Utilities.m */; };
		118352B5197A72F10048CA64 /* QRViewerController.m in Sources */ = {isa = PBXBuildFile; fileRef = 118352B4197A72F10048CA64 /* QRViewerController.m */; };
		118352B9197A7B040048CA64 /* FriendsViewController.m in Sources */ = {isa = PBXBuildFile; fileRef = 118352B8197A7B040048CA64 /* FriendsViewController.m */; };
		118352BC197A7B960048CA64 /* UIViewController+Utilities.m in Sources */ = {isa = PBXBuildFile; fileRef = 118352BB197A7B960048CA64 /* UIViewController+Utilities.m */; };
		118352C0197A7CE80048CA64 /* FriendsCell.m in Sources */ = {isa = PBXBuildFile; fileRef = 118352BF197A7CE80048CA64 /* FriendsCell.m */; };
		118352C3197A7D3A0048CA64 /* StatusCircleView.m in Sources */ = {isa = PBXBuildFile; fileRef = 118352C2197A7D3A0048CA64 /* StatusCircleView.m */; };
		118352C6197A802D0048CA64 /* UIView+Utilities.m in Sources */ = {isa = PBXBuildFile; fileRef = 118352C5197A802D0048CA64 /* UIView+Utilities.m */; };
		118352C9197A867A0048CA64 /* UIColor+Utilities.m in Sources */ = {isa = PBXBuildFile; fileRef = 118352C8197A867A0048CA64 /* UIColor+Utilities.m */; };
		118352CD197A8CA40048CA64 /* ToxFriendsManager.m in Sources */ = {isa = PBXBuildFile; fileRef = 118352CC197A8CA40048CA64 /* ToxFriendsManager.m */; };
		118352D0197A8D5C0048CA64 /* ToxFriend.m in Sources */ = {isa = PBXBuildFile; fileRef = 118352CF197A8D5C0048CA64 /* ToxFriend.m */; };
		A268447630F941ADA4541F0C /* libPods.a in Frameworks */ = {isa = PBXBuildFile; fileRef = 7E7D2AE7333141D09DEE1E40 /* libPods.a */; };
/* End PBXBuildFile section */

/* Begin PBXFileReference section */
		1164762F19794D3300DB20B8 /* Antidote.app */ = {isa = PBXFileReference; explicitFileType = wrapper.application; includeInIndex = 0; path = Antidote.app; sourceTree = BUILT_PRODUCTS_DIR; };
		1164763219794D3300DB20B8 /* Foundation.framework */ = {isa = PBXFileReference; lastKnownFileType = wrapper.framework; name = Foundation.framework; path = System/Library/Frameworks/Foundation.framework; sourceTree = SDKROOT; };
		1164763419794D3300DB20B8 /* CoreGraphics.framework */ = {isa = PBXFileReference; lastKnownFileType = wrapper.framework; name = CoreGraphics.framework; path = System/Library/Frameworks/CoreGraphics.framework; sourceTree = SDKROOT; };
		1164763619794D3300DB20B8 /* UIKit.framework */ = {isa = PBXFileReference; lastKnownFileType = wrapper.framework; name = UIKit.framework; path = System/Library/Frameworks/UIKit.framework; sourceTree = SDKROOT; };
		1164763A19794D3300DB20B8 /* Antidote-Info.plist */ = {isa = PBXFileReference; lastKnownFileType = text.plist.xml; path = "Antidote-Info.plist"; sourceTree = "<group>"; };
		1164763C19794D3300DB20B8 /* en */ = {isa = PBXFileReference; lastKnownFileType = text.plist.strings; name = en; path = en.lproj/InfoPlist.strings; sourceTree = "<group>"; };
		1164763E19794D3300DB20B8 /* main.m */ = {isa = PBXFileReference; lastKnownFileType = sourcecode.c.objc; path = main.m; sourceTree = "<group>"; };
		1164764019794D3300DB20B8 /* Antidote-Prefix.pch */ = {isa = PBXFileReference; lastKnownFileType = sourcecode.c.h; path = "Antidote-Prefix.pch"; sourceTree = "<group>"; };
		1164764119794D3300DB20B8 /* AppDelegate.h */ = {isa = PBXFileReference; lastKnownFileType = sourcecode.c.h; path = AppDelegate.h; sourceTree = "<group>"; };
		1164764219794D3300DB20B8 /* AppDelegate.m */ = {isa = PBXFileReference; lastKnownFileType = sourcecode.c.objc; path = AppDelegate.m; sourceTree = "<group>"; };
		1164764419794D3300DB20B8 /* Images.xcassets */ = {isa = PBXFileReference; lastKnownFileType = folder.assetcatalog; path = Images.xcassets; sourceTree = "<group>"; };
		1164764B19794D3300DB20B8 /* XCTest.framework */ = {isa = PBXFileReference; lastKnownFileType = wrapper.framework; name = XCTest.framework; path = Library/Frameworks/XCTest.framework; sourceTree = DEVELOPER_DIR; };
		1164766219794E7300DB20B8 /* assoc.c */ = {isa = PBXFileReference; fileEncoding = 4; lastKnownFileType = sourcecode.c.c; name = assoc.c; path = toxcore/toxcore/assoc.c; sourceTree = "<group>"; };
		1164766319794E7300DB20B8 /* assoc.h */ = {isa = PBXFileReference; fileEncoding = 4; lastKnownFileType = sourcecode.c.h; name = assoc.h; path = toxcore/toxcore/assoc.h; sourceTree = "<group>"; };
		1164766419794E7300DB20B8 /* crypto_core.c */ = {isa = PBXFileReference; fileEncoding = 4; lastKnownFileType = sourcecode.c.c; name = crypto_core.c; path = toxcore/toxcore/crypto_core.c; sourceTree = "<group>"; };
		1164766519794E7300DB20B8 /* crypto_core.h */ = {isa = PBXFileReference; fileEncoding = 4; lastKnownFileType = sourcecode.c.h; name = crypto_core.h; path = toxcore/toxcore/crypto_core.h; sourceTree = "<group>"; };
		1164766619794E7300DB20B8 /* DHT.c */ = {isa = PBXFileReference; fileEncoding = 4; lastKnownFileType = sourcecode.c.c; name = DHT.c; path = toxcore/toxcore/DHT.c; sourceTree = "<group>"; };
		1164766719794E7300DB20B8 /* DHT.h */ = {isa = PBXFileReference; fileEncoding = 4; lastKnownFileType = sourcecode.c.h; name = DHT.h; path = toxcore/toxcore/DHT.h; sourceTree = "<group>"; };
		1164766819794E7300DB20B8 /* friend_requests.c */ = {isa = PBXFileReference; fileEncoding = 4; lastKnownFileType = sourcecode.c.c; name = friend_requests.c; path = toxcore/toxcore/friend_requests.c; sourceTree = "<group>"; };
		1164766919794E7300DB20B8 /* friend_requests.h */ = {isa = PBXFileReference; fileEncoding = 4; lastKnownFileType = sourcecode.c.h; name = friend_requests.h; path = toxcore/toxcore/friend_requests.h; sourceTree = "<group>"; };
		1164766A19794E7300DB20B8 /* group_chats.c */ = {isa = PBXFileReference; fileEncoding = 4; lastKnownFileType = sourcecode.c.c; name = group_chats.c; path = toxcore/toxcore/group_chats.c; sourceTree = "<group>"; };
		1164766B19794E7300DB20B8 /* group_chats.h */ = {isa = PBXFileReference; fileEncoding = 4; lastKnownFileType = sourcecode.c.h; name = group_chats.h; path = toxcore/toxcore/group_chats.h; sourceTree = "<group>"; };
		1164766C19794E7300DB20B8 /* LAN_discovery.c */ = {isa = PBXFileReference; fileEncoding = 4; lastKnownFileType = sourcecode.c.c; name = LAN_discovery.c; path = toxcore/toxcore/LAN_discovery.c; sourceTree = "<group>"; };
		1164766D19794E7300DB20B8 /* LAN_discovery.h */ = {isa = PBXFileReference; fileEncoding = 4; lastKnownFileType = sourcecode.c.h; name = LAN_discovery.h; path = toxcore/toxcore/LAN_discovery.h; sourceTree = "<group>"; };
		1164766E19794E7300DB20B8 /* list.c */ = {isa = PBXFileReference; fileEncoding = 4; lastKnownFileType = sourcecode.c.c; name = list.c; path = toxcore/toxcore/list.c; sourceTree = "<group>"; };
		1164766F19794E7300DB20B8 /* list.h */ = {isa = PBXFileReference; fileEncoding = 4; lastKnownFileType = sourcecode.c.h; name = list.h; path = toxcore/toxcore/list.h; sourceTree = "<group>"; };
		1164767019794E7300DB20B8 /* logger.c */ = {isa = PBXFileReference; fileEncoding = 4; lastKnownFileType = sourcecode.c.c; name = logger.c; path = toxcore/toxcore/logger.c; sourceTree = "<group>"; };
		1164767119794E7300DB20B8 /* logger.h */ = {isa = PBXFileReference; fileEncoding = 4; lastKnownFileType = sourcecode.c.h; name = logger.h; path = toxcore/toxcore/logger.h; sourceTree = "<group>"; };
		1164767219794E7300DB20B8 /* Makefile.inc */ = {isa = PBXFileReference; fileEncoding = 4; lastKnownFileType = sourcecode.pascal; name = Makefile.inc; path = toxcore/toxcore/Makefile.inc; sourceTree = "<group>"; };
		1164767319794E7300DB20B8 /* Messenger.c */ = {isa = PBXFileReference; fileEncoding = 4; lastKnownFileType = sourcecode.c.c; name = Messenger.c; path = toxcore/toxcore/Messenger.c; sourceTree = "<group>"; };
		1164767419794E7300DB20B8 /* Messenger.h */ = {isa = PBXFileReference; fileEncoding = 4; lastKnownFileType = sourcecode.c.h; name = Messenger.h; path = toxcore/toxcore/Messenger.h; sourceTree = "<group>"; };
		1164767519794E7300DB20B8 /* misc_tools.h */ = {isa = PBXFileReference; fileEncoding = 4; lastKnownFileType = sourcecode.c.h; name = misc_tools.h; path = toxcore/toxcore/misc_tools.h; sourceTree = "<group>"; };
		1164767619794E7300DB20B8 /* net_crypto.c */ = {isa = PBXFileReference; fileEncoding = 4; lastKnownFileType = sourcecode.c.c; name = net_crypto.c; path = toxcore/toxcore/net_crypto.c; sourceTree = "<group>"; };
		1164767719794E7300DB20B8 /* net_crypto.h */ = {isa = PBXFileReference; fileEncoding = 4; lastKnownFileType = sourcecode.c.h; name = net_crypto.h; path = toxcore/toxcore/net_crypto.h; sourceTree = "<group>"; };
		1164767819794E7300DB20B8 /* network.c */ = {isa = PBXFileReference; fileEncoding = 4; lastKnownFileType = sourcecode.c.c; name = network.c; path = toxcore/toxcore/network.c; sourceTree = "<group>"; };
		1164767919794E7300DB20B8 /* network.h */ = {isa = PBXFileReference; fileEncoding = 4; lastKnownFileType = sourcecode.c.h; name = network.h; path = toxcore/toxcore/network.h; sourceTree = "<group>"; };
		1164767A19794E7300DB20B8 /* onion_announce.c */ = {isa = PBXFileReference; fileEncoding = 4; lastKnownFileType = sourcecode.c.c; name = onion_announce.c; path = toxcore/toxcore/onion_announce.c; sourceTree = "<group>"; };
		1164767B19794E7300DB20B8 /* onion_announce.h */ = {isa = PBXFileReference; fileEncoding = 4; lastKnownFileType = sourcecode.c.h; name = onion_announce.h; path = toxcore/toxcore/onion_announce.h; sourceTree = "<group>"; };
		1164767C19794E7300DB20B8 /* onion_client.c */ = {isa = PBXFileReference; fileEncoding = 4; lastKnownFileType = sourcecode.c.c; name = onion_client.c; path = toxcore/toxcore/onion_client.c; sourceTree = "<group>"; };
		1164767D19794E7300DB20B8 /* onion_client.h */ = {isa = PBXFileReference; fileEncoding = 4; lastKnownFileType = sourcecode.c.h; name = onion_client.h; path = toxcore/toxcore/onion_client.h; sourceTree = "<group>"; };
		1164767E19794E7300DB20B8 /* onion.c */ = {isa = PBXFileReference; fileEncoding = 4; lastKnownFileType = sourcecode.c.c; name = onion.c; path = toxcore/toxcore/onion.c; sourceTree = "<group>"; };
		1164767F19794E7300DB20B8 /* onion.h */ = {isa = PBXFileReference; fileEncoding = 4; lastKnownFileType = sourcecode.c.h; name = onion.h; path = toxcore/toxcore/onion.h; sourceTree = "<group>"; };
		1164768019794E7300DB20B8 /* ping_array.c */ = {isa = PBXFileReference; fileEncoding = 4; lastKnownFileType = sourcecode.c.c; name = ping_array.c; path = toxcore/toxcore/ping_array.c; sourceTree = "<group>"; };
		1164768119794E7300DB20B8 /* ping_array.h */ = {isa = PBXFileReference; fileEncoding = 4; lastKnownFileType = sourcecode.c.h; name = ping_array.h; path = toxcore/toxcore/ping_array.h; sourceTree = "<group>"; };
		1164768219794E7300DB20B8 /* ping.c */ = {isa = PBXFileReference; fileEncoding = 4; lastKnownFileType = sourcecode.c.c; name = ping.c; path = toxcore/toxcore/ping.c; sourceTree = "<group>"; };
		1164768319794E7300DB20B8 /* ping.h */ = {isa = PBXFileReference; fileEncoding = 4; lastKnownFileType = sourcecode.c.h; name = ping.h; path = toxcore/toxcore/ping.h; sourceTree = "<group>"; };
		1164768419794E7300DB20B8 /* TCP_client.c */ = {isa = PBXFileReference; fileEncoding = 4; lastKnownFileType = sourcecode.c.c; name = TCP_client.c; path = toxcore/toxcore/TCP_client.c; sourceTree = "<group>"; };
		1164768519794E7300DB20B8 /* TCP_client.h */ = {isa = PBXFileReference; fileEncoding = 4; lastKnownFileType = sourcecode.c.h; name = TCP_client.h; path = toxcore/toxcore/TCP_client.h; sourceTree = "<group>"; };
		1164768619794E7300DB20B8 /* TCP_server.c */ = {isa = PBXFileReference; fileEncoding = 4; lastKnownFileType = sourcecode.c.c; name = TCP_server.c; path = toxcore/toxcore/TCP_server.c; sourceTree = "<group>"; };
		1164768719794E7300DB20B8 /* TCP_server.h */ = {isa = PBXFileReference; fileEncoding = 4; lastKnownFileType = sourcecode.c.h; name = TCP_server.h; path = toxcore/toxcore/TCP_server.h; sourceTree = "<group>"; };
		1164768819794E7300DB20B8 /* tox.c */ = {isa = PBXFileReference; fileEncoding = 4; lastKnownFileType = sourcecode.c.c; name = tox.c; path = toxcore/toxcore/tox.c; sourceTree = "<group>"; };
		1164768919794E7300DB20B8 /* tox.h */ = {isa = PBXFileReference; fileEncoding = 4; lastKnownFileType = sourcecode.c.h; name = tox.h; path = toxcore/toxcore/tox.h; sourceTree = "<group>"; };
		1164768A19794E7300DB20B8 /* util.c */ = {isa = PBXFileReference; fileEncoding = 4; lastKnownFileType = sourcecode.c.c; name = util.c; path = toxcore/toxcore/util.c; sourceTree = "<group>"; };
		1164768B19794E7300DB20B8 /* util.h */ = {isa = PBXFileReference; fileEncoding = 4; lastKnownFileType = sourcecode.c.h; name = util.h; path = toxcore/toxcore/util.h; sourceTree = "<group>"; };
		11835293197994050048CA64 /* ToxManager.h */ = {isa = PBXFileReference; fileEncoding = 4; lastKnownFileType = sourcecode.c.h; path = ToxManager.h; sourceTree = "<group>"; };
		11835294197994050048CA64 /* ToxManager.m */ = {isa = PBXFileReference; fileEncoding = 4; lastKnownFileType = sourcecode.c.objc; path = ToxManager.m; sourceTree = "<group>"; };
		118352A21979BD4C0048CA64 /* UserInfoManager.h */ = {isa = PBXFileReference; fileEncoding = 4; lastKnownFileType = sourcecode.c.h; path = UserInfoManager.h; sourceTree = "<group>"; };
		118352A31979BD4C0048CA64 /* UserInfoManager.m */ = {isa = PBXFileReference; fileEncoding = 4; lastKnownFileType = sourcecode.c.objc; path = UserInfoManager.m; sourceTree = "<group>"; };
		118352A6197A64B70048CA64 /* SettingsViewController.h */ = {isa = PBXFileReference; fileEncoding = 4; lastKnownFileType = sourcecode.c.h; path = SettingsViewController.h; sourceTree = "<group>"; };
		118352A7197A64B70048CA64 /* SettingsViewController.m */ = {isa = PBXFileReference; fileEncoding = 4; lastKnownFileType = sourcecode.c.objc; path = SettingsViewController.m; sourceTree = "<group>"; };
		118352AA197A6C410048CA64 /* CopyLabel.h */ = {isa = PBXFileReference; fileEncoding = 4; lastKnownFileType = sourcecode.c.h; path = CopyLabel.h; sourceTree = "<group>"; };
		118352AB197A6C410048CA64 /* CopyLabel.m */ = {isa = PBXFileReference; fileEncoding = 4; lastKnownFileType = sourcecode.c.objc; path = CopyLabel.m; sourceTree = "<group>"; };
		118352AE197A6F7F0048CA64 /* NSString+Utilities.h */ = {isa = PBXFileReference; fileEncoding = 4; lastKnownFileType = sourcecode.c.h; path = "NSString+Utilities.h"; sourceTree = "<group>"; };
		118352AF197A6F7F0048CA64 /* NSString+Utilities.m */ = {isa = PBXFileReference; fileEncoding = 4; lastKnownFileType = sourcecode.c.objc; path = "NSString+Utilities.m"; sourceTree = "<group>"; };
		118352B3197A72F10048CA64 /* QRViewerController.h */ = {isa = PBXFileReference; fileEncoding = 4; lastKnownFileType = sourcecode.c.h; path = QRViewerController.h; sourceTree = "<group>"; };
		118352B4197A72F10048CA64 /* QRViewerController.m */ = {isa = PBXFileReference; fileEncoding = 4; lastKnownFileType = sourcecode.c.objc; path = QRViewerController.m; sourceTree = "<group>"; };
		118352B7197A7B040048CA64 /* FriendsViewController.h */ = {isa = PBXFileReference; fileEncoding = 4; lastKnownFileType = sourcecode.c.h; path = FriendsViewController.h; sourceTree = "<group>"; };
		118352B8197A7B040048CA64 /* FriendsViewController.m */ = {isa = PBXFileReference; fileEncoding = 4; lastKnownFileType = sourcecode.c.objc; path = FriendsViewController.m; sourceTree = "<group>"; };
		118352BA197A7B960048CA64 /* UIViewController+Utilities.h */ = {isa = PBXFileReference; fileEncoding = 4; lastKnownFileType = sourcecode.c.h; path = "UIViewController+Utilities.h"; sourceTree = "<group>"; };
		118352BB197A7B960048CA64 /* UIViewController+Utilities.m */ = {isa = PBXFileReference; fileEncoding = 4; lastKnownFileType = sourcecode.c.objc; path = "UIViewController+Utilities.m"; sourceTree = "<group>"; };
		118352BE197A7CE80048CA64 /* FriendsCell.h */ = {isa = PBXFileReference; fileEncoding = 4; lastKnownFileType = sourcecode.c.h; path = FriendsCell.h; sourceTree = "<group>"; };
		118352BF197A7CE80048CA64 /* FriendsCell.m */ = {isa = PBXFileReference; fileEncoding = 4; lastKnownFileType = sourcecode.c.objc; path = FriendsCell.m; sourceTree = "<group>"; };
		118352C1197A7D390048CA64 /* StatusCircleView.h */ = {isa = PBXFileReference; fileEncoding = 4; lastKnownFileType = sourcecode.c.h; path = StatusCircleView.h; sourceTree = "<group>"; };
		118352C2197A7D3A0048CA64 /* StatusCircleView.m */ = {isa = PBXFileReference; fileEncoding = 4; lastKnownFileType = sourcecode.c.objc; path = StatusCircleView.m; sourceTree = "<group>"; };
		118352C4197A802D0048CA64 /* UIView+Utilities.h */ = {isa = PBXFileReference; fileEncoding = 4; lastKnownFileType = sourcecode.c.h; path = "UIView+Utilities.h"; sourceTree = "<group>"; };
		118352C5197A802D0048CA64 /* UIView+Utilities.m */ = {isa = PBXFileReference; fileEncoding = 4; lastKnownFileType = sourcecode.c.objc; path = "UIView+Utilities.m"; sourceTree = "<group>"; };
		118352C7197A867A0048CA64 /* UIColor+Utilities.h */ = {isa = PBXFileReference; fileEncoding = 4; lastKnownFileType = sourcecode.c.h; path = "UIColor+Utilities.h"; sourceTree = "<group>"; };
		118352C8197A867A0048CA64 /* UIColor+Utilities.m */ = {isa = PBXFileReference; fileEncoding = 4; lastKnownFileType = sourcecode.c.objc; path = "UIColor+Utilities.m"; sourceTree = "<group>"; };
		118352CB197A8CA40048CA64 /* ToxFriendsManager.h */ = {isa = PBXFileReference; fileEncoding = 4; lastKnownFileType = sourcecode.c.h; path = ToxFriendsManager.h; sourceTree = "<group>"; };
		118352CC197A8CA40048CA64 /* ToxFriendsManager.m */ = {isa = PBXFileReference; fileEncoding = 4; lastKnownFileType = sourcecode.c.objc; path = ToxFriendsManager.m; sourceTree = "<group>"; };
		118352CE197A8D5C0048CA64 /* ToxFriend.h */ = {isa = PBXFileReference; fileEncoding = 4; lastKnownFileType = sourcecode.c.h; path = ToxFriend.h; sourceTree = "<group>"; };
		118352CF197A8D5C0048CA64 /* ToxFriend.m */ = {isa = PBXFileReference; fileEncoding = 4; lastKnownFileType = sourcecode.c.objc; path = ToxFriend.m; sourceTree = "<group>"; };
		68BCD19387BD4EBBB6B48E72 /* Pods.xcconfig */ = {isa = PBXFileReference; includeInIndex = 1; lastKnownFileType = text.xcconfig; name = Pods.xcconfig; path = Pods/Pods.xcconfig; sourceTree = "<group>"; };
		7E7D2AE7333141D09DEE1E40 /* libPods.a */ = {isa = PBXFileReference; explicitFileType = archive.ar; includeInIndex = 0; path = libPods.a; sourceTree = BUILT_PRODUCTS_DIR; };
/* End PBXFileReference section */

/* Begin PBXFrameworksBuildPhase section */
		1164762C19794D3300DB20B8 /* Frameworks */ = {
			isa = PBXFrameworksBuildPhase;
			buildActionMask = 2147483647;
			files = (
				1164763519794D3300DB20B8 /* CoreGraphics.framework in Frameworks */,
				1164763719794D3300DB20B8 /* UIKit.framework in Frameworks */,
				1164763319794D3300DB20B8 /* Foundation.framework in Frameworks */,
				A268447630F941ADA4541F0C /* libPods.a in Frameworks */,
			);
			runOnlyForDeploymentPostprocessing = 0;
		};
/* End PBXFrameworksBuildPhase section */

/* Begin PBXGroup section */
		1164762619794D3300DB20B8 = {
			isa = PBXGroup;
			children = (
				1164766119794E4B00DB20B8 /* toxcore */,
				1164763819794D3300DB20B8 /* Antidote */,
				1164763119794D3300DB20B8 /* Frameworks */,
				1164763019794D3300DB20B8 /* Products */,
				68BCD19387BD4EBBB6B48E72 /* Pods.xcconfig */,
			);
			sourceTree = "<group>";
		};
		1164763019794D3300DB20B8 /* Products */ = {
			isa = PBXGroup;
			children = (
				1164762F19794D3300DB20B8 /* Antidote.app */,
			);
			name = Products;
			sourceTree = "<group>";
		};
		1164763119794D3300DB20B8 /* Frameworks */ = {
			isa = PBXGroup;
			children = (
				1164763219794D3300DB20B8 /* Foundation.framework */,
				1164763419794D3300DB20B8 /* CoreGraphics.framework */,
				1164763619794D3300DB20B8 /* UIKit.framework */,
				1164764B19794D3300DB20B8 /* XCTest.framework */,
				7E7D2AE7333141D09DEE1E40 /* libPods.a */,
			);
			name = Frameworks;
			sourceTree = "<group>";
		};
		1164763819794D3300DB20B8 /* Antidote */ = {
			isa = PBXGroup;
			children = (
				1164764119794D3300DB20B8 /* AppDelegate.h */,
				1164764219794D3300DB20B8 /* AppDelegate.m */,
				1164764419794D3300DB20B8 /* Images.xcassets */,
				11835292197993F90048CA64 /* Classes */,
				118352A5197A3DB50048CA64 /* Controllers */,
				1164763919794D3300DB20B8 /* Supporting Files */,
				118352AD197A6F5B0048CA64 /* Utilities */,
				118352A9197A6C210048CA64 /* Views */,
			);
			path = Antidote;
			sourceTree = "<group>";
		};
		1164763919794D3300DB20B8 /* Supporting Files */ = {
			isa = PBXGroup;
			children = (
				1164763A19794D3300DB20B8 /* Antidote-Info.plist */,
				1164763B19794D3300DB20B8 /* InfoPlist.strings */,
				1164763E19794D3300DB20B8 /* main.m */,
				1164764019794D3300DB20B8 /* Antidote-Prefix.pch */,
			);
			name = "Supporting Files";
			sourceTree = "<group>";
		};
		1164766119794E4B00DB20B8 /* toxcore */ = {
			isa = PBXGroup;
			children = (
				1164766219794E7300DB20B8 /* assoc.c */,
				1164766319794E7300DB20B8 /* assoc.h */,
				1164766419794E7300DB20B8 /* crypto_core.c */,
				1164766519794E7300DB20B8 /* crypto_core.h */,
				1164766619794E7300DB20B8 /* DHT.c */,
				1164766719794E7300DB20B8 /* DHT.h */,
				1164766819794E7300DB20B8 /* friend_requests.c */,
				1164766919794E7300DB20B8 /* friend_requests.h */,
				1164766A19794E7300DB20B8 /* group_chats.c */,
				1164766B19794E7300DB20B8 /* group_chats.h */,
				1164766C19794E7300DB20B8 /* LAN_discovery.c */,
				1164766D19794E7300DB20B8 /* LAN_discovery.h */,
				1164766E19794E7300DB20B8 /* list.c */,
				1164766F19794E7300DB20B8 /* list.h */,
				1164767019794E7300DB20B8 /* logger.c */,
				1164767119794E7300DB20B8 /* logger.h */,
				1164767219794E7300DB20B8 /* Makefile.inc */,
				1164767319794E7300DB20B8 /* Messenger.c */,
				1164767419794E7300DB20B8 /* Messenger.h */,
				1164767519794E7300DB20B8 /* misc_tools.h */,
				1164767619794E7300DB20B8 /* net_crypto.c */,
				1164767719794E7300DB20B8 /* net_crypto.h */,
				1164767819794E7300DB20B8 /* network.c */,
				1164767919794E7300DB20B8 /* network.h */,
				1164767A19794E7300DB20B8 /* onion_announce.c */,
				1164767B19794E7300DB20B8 /* onion_announce.h */,
				1164767C19794E7300DB20B8 /* onion_client.c */,
				1164767D19794E7300DB20B8 /* onion_client.h */,
				1164767E19794E7300DB20B8 /* onion.c */,
				1164767F19794E7300DB20B8 /* onion.h */,
				1164768019794E7300DB20B8 /* ping_array.c */,
				1164768119794E7300DB20B8 /* ping_array.h */,
				1164768219794E7300DB20B8 /* ping.c */,
				1164768319794E7300DB20B8 /* ping.h */,
				1164768419794E7300DB20B8 /* TCP_client.c */,
				1164768519794E7300DB20B8 /* TCP_client.h */,
				1164768619794E7300DB20B8 /* TCP_server.c */,
				1164768719794E7300DB20B8 /* TCP_server.h */,
				1164768819794E7300DB20B8 /* tox.c */,
				1164768919794E7300DB20B8 /* tox.h */,
				1164768A19794E7300DB20B8 /* util.c */,
				1164768B19794E7300DB20B8 /* util.h */,
			);
			name = toxcore;
			sourceTree = "<group>";
		};
		11835292197993F90048CA64 /* Classes */ = {
			isa = PBXGroup;
			children = (
				118352A01979BD350048CA64 /* ToxManager */,
				118352A11979BD3E0048CA64 /* UserInfoManager */,
			);
			name = Classes;
			sourceTree = "<group>";
		};
		118352A01979BD350048CA64 /* ToxManager */ = {
			isa = PBXGroup;
			children = (
				118352CA197A8C950048CA64 /* Friends */,
				11835293197994050048CA64 /* ToxManager.h */,
				11835294197994050048CA64 /* ToxManager.m */,
			);
			name = ToxManager;
			sourceTree = "<group>";
		};
		118352A11979BD3E0048CA64 /* UserInfoManager */ = {
			isa = PBXGroup;
			children = (
				118352A21979BD4C0048CA64 /* UserInfoManager.h */,
				118352A31979BD4C0048CA64 /* UserInfoManager.m */,
			);
			name = UserInfoManager;
			sourceTree = "<group>";
		};
		118352A5197A3DB50048CA64 /* Controllers */ = {
			isa = PBXGroup;
			children = (
				118352B6197A7AF60048CA64 /* Friends */,
				118352B2197A72DE0048CA64 /* QRViewer */,
				118352B1197A72D90048CA64 /* Settings */,
			);
			name = Controllers;
			sourceTree = "<group>";
		};
		118352A9197A6C210048CA64 /* Views */ = {
			isa = PBXGroup;
			children = (
				118352AA197A6C410048CA64 /* CopyLabel.h */,
				118352AB197A6C410048CA64 /* CopyLabel.m */,
				118352C1197A7D390048CA64 /* StatusCircleView.h */,
				118352C2197A7D3A0048CA64 /* StatusCircleView.m */,
			);
			name = Views;
			sourceTree = "<group>";
		};
		118352AD197A6F5B0048CA64 /* Utilities */ = {
			isa = PBXGroup;
			children = (
				118352AE197A6F7F0048CA64 /* NSString+Utilities.h */,
				118352AF197A6F7F0048CA64 /* NSString+Utilities.m */,
				118352C7197A867A0048CA64 /* UIColor+Utilities.h */,
				118352C8197A867A0048CA64 /* UIColor+Utilities.m */,
				118352C4197A802D0048CA64 /* UIView+Utilities.h */,
				118352C5197A802D0048CA64 /* UIView+Utilities.m */,
				118352BA197A7B960048CA64 /* UIViewController+Utilities.h */,
				118352BB197A7B960048CA64 /* UIViewController+Utilities.m */,
			);
			name = Utilities;
			sourceTree = "<group>";
		};
		118352B1197A72D90048CA64 /* Settings */ = {
			isa = PBXGroup;
			children = (
				118352A6197A64B70048CA64 /* SettingsViewController.h */,
				118352A7197A64B70048CA64 /* SettingsViewController.m */,
			);
			name = Settings;
			sourceTree = "<group>";
		};
		118352B2197A72DE0048CA64 /* QRViewer */ = {
			isa = PBXGroup;
			children = (
				118352B3197A72F10048CA64 /* QRViewerController.h */,
				118352B4197A72F10048CA64 /* QRViewerController.m */,
			);
			name = QRViewer;
			sourceTree = "<group>";
		};
		118352B6197A7AF60048CA64 /* Friends */ = {
			isa = PBXGroup;
			children = (
				118352BD197A7CD50048CA64 /* Cells */,
				118352B7197A7B040048CA64 /* FriendsViewController.h */,
				118352B8197A7B040048CA64 /* FriendsViewController.m */,
			);
			name = Friends;
			sourceTree = "<group>";
		};
		118352BD197A7CD50048CA64 /* Cells */ = {
			isa = PBXGroup;
			children = (
				118352BE197A7CE80048CA64 /* FriendsCell.h */,
				118352BF197A7CE80048CA64 /* FriendsCell.m */,
			);
			name = Cells;
			sourceTree = "<group>";
		};
		118352CA197A8C950048CA64 /* Friends */ = {
			isa = PBXGroup;
			children = (
				118352CB197A8CA40048CA64 /* ToxFriendsManager.h */,
				118352CC197A8CA40048CA64 /* ToxFriendsManager.m */,
				118352CE197A8D5C0048CA64 /* ToxFriend.h */,
				118352CF197A8D5C0048CA64 /* ToxFriend.m */,
			);
			name = Friends;
			sourceTree = "<group>";
		};
/* End PBXGroup section */

/* Begin PBXNativeTarget section */
		1164762E19794D3300DB20B8 /* Antidote */ = {
			isa = PBXNativeTarget;
			buildConfigurationList = 1164765B19794D3300DB20B8 /* Build configuration list for PBXNativeTarget "Antidote" */;
			buildPhases = (
				15920CF02947462BB669E402 /* Check Pods Manifest.lock */,
				1164762B19794D3300DB20B8 /* Sources */,
				1164762C19794D3300DB20B8 /* Frameworks */,
				1164762D19794D3300DB20B8 /* Resources */,
				765330FB0A1142E6A0B97483 /* Copy Pods Resources */,
			);
			buildRules = (
			);
			dependencies = (
			);
			name = Antidote;
			productName = Antidote;
			productReference = 1164762F19794D3300DB20B8 /* Antidote.app */;
			productType = "com.apple.product-type.application";
		};
/* End PBXNativeTarget section */

/* Begin PBXProject section */
		1164762719794D3300DB20B8 /* Project object */ = {
			isa = PBXProject;
			attributes = {
				LastUpgradeCheck = 0510;
				ORGANIZATIONNAME = dvor;
			};
			buildConfigurationList = 1164762A19794D3300DB20B8 /* Build configuration list for PBXProject "Antidote" */;
			compatibilityVersion = "Xcode 3.2";
			developmentRegion = English;
			hasScannedForEncodings = 0;
			knownRegions = (
				en,
			);
			mainGroup = 1164762619794D3300DB20B8;
			productRefGroup = 1164763019794D3300DB20B8 /* Products */;
			projectDirPath = "";
			projectRoot = "";
			targets = (
				1164762E19794D3300DB20B8 /* Antidote */,
			);
		};
/* End PBXProject section */

/* Begin PBXResourcesBuildPhase section */
		1164762D19794D3300DB20B8 /* Resources */ = {
			isa = PBXResourcesBuildPhase;
			buildActionMask = 2147483647;
			files = (
				1164763D19794D3300DB20B8 /* InfoPlist.strings in Resources */,
				1164764519794D3300DB20B8 /* Images.xcassets in Resources */,
			);
			runOnlyForDeploymentPostprocessing = 0;
		};
/* End PBXResourcesBuildPhase section */

/* Begin PBXShellScriptBuildPhase section */
		15920CF02947462BB669E402 /* Check Pods Manifest.lock */ = {
			isa = PBXShellScriptBuildPhase;
			buildActionMask = 2147483647;
			files = (
			);
			inputPaths = (
			);
			name = "Check Pods Manifest.lock";
			outputPaths = (
			);
			runOnlyForDeploymentPostprocessing = 0;
			shellPath = /bin/sh;
			shellScript = "diff \"${PODS_ROOT}/../Podfile.lock\" \"${PODS_ROOT}/Manifest.lock\" > /dev/null\nif [[ $? != 0 ]] ; then\n    cat << EOM\nerror: The sandbox is not in sync with the Podfile.lock. Run 'pod install' or update your CocoaPods installation.\nEOM\n    exit 1\nfi\n";
			showEnvVarsInLog = 0;
		};
		765330FB0A1142E6A0B97483 /* Copy Pods Resources */ = {
			isa = PBXShellScriptBuildPhase;
			buildActionMask = 2147483647;
			files = (
			);
			inputPaths = (
			);
			name = "Copy Pods Resources";
			outputPaths = (
			);
			runOnlyForDeploymentPostprocessing = 0;
			shellPath = /bin/sh;
			shellScript = "\"${SRCROOT}/Pods/Pods-resources.sh\"\n";
			showEnvVarsInLog = 0;
		};
/* End PBXShellScriptBuildPhase section */

/* Begin PBXSourcesBuildPhase section */
		1164762B19794D3300DB20B8 /* Sources */ = {
			isa = PBXSourcesBuildPhase;
			buildActionMask = 2147483647;
			files = (
				118352C9197A867A0048CA64 /* UIColor+Utilities.m in Sources */,
				118352D0197A8D5C0048CA64 /* ToxFriend.m in Sources */,
				1164769919794E7300DB20B8 /* onion_client.c in Sources */,
				1164769819794E7300DB20B8 /* onion_announce.c in Sources */,
				118352B0197A6F7F0048CA64 /* NSString+Utilities.m in Sources */,
				1164768C19794E7300DB20B8 /* assoc.c in Sources */,
				116476A019794E7300DB20B8 /* util.c in Sources */,
				1164769519794E7300DB20B8 /* Messenger.c in Sources */,
				11835295197994050048CA64 /* ToxManager.m in Sources */,
				1164764319794D3300DB20B8 /* AppDelegate.m in Sources */,
				1164769A19794E7300DB20B8 /* onion.c in Sources */,
				118352B9197A7B040048CA64 /* FriendsViewController.m in Sources */,
				118352C6197A802D0048CA64 /* UIView+Utilities.m in Sources */,
				1164769119794E7300DB20B8 /* LAN_discovery.c in Sources */,
				1164769319794E7300DB20B8 /* logger.c in Sources */,
				118352A41979BD4C0048CA64 /* UserInfoManager.m in Sources */,
				1164769219794E7300DB20B8 /* list.c in Sources */,
				1164763F19794D3300DB20B8 /* main.m in Sources */,
				1164769D19794E7300DB20B8 /* TCP_client.c in Sources */,
				1164769F19794E7300DB20B8 /* tox.c in Sources */,
				1164769619794E7300DB20B8 /* net_crypto.c in Sources */,
				1164768E19794E7300DB20B8 /* DHT.c in Sources */,
				118352BC197A7B960048CA64 /* UIViewController+Utilities.m in Sources */,
				1164769019794E7300DB20B8 /* group_chats.c in Sources */,
				1164769719794E7300DB20B8 /* network.c in Sources */,
				118352B5197A72F10048CA64 /* QRViewerController.m in Sources */,
				118352C0197A7CE80048CA64 /* FriendsCell.m in Sources */,
				118352AC197A6C410048CA64 /* CopyLabel.m in Sources */,
				118352CD197A8CA40048CA64 /* ToxFriendsManager.m in Sources */,
				1164769C19794E7300DB20B8 /* ping.c in Sources */,
				1164768D19794E7300DB20B8 /* crypto_core.c in Sources */,
				1164769B19794E7300DB20B8 /* ping_array.c in Sources */,
				118352A8197A64B70048CA64 /* SettingsViewController.m in Sources */,
				1164769E19794E7300DB20B8 /* TCP_server.c in Sources */,
				1164768F19794E7300DB20B8 /* friend_requests.c in Sources */,
				118352C3197A7D3A0048CA64 /* StatusCircleView.m in Sources */,
			);
			runOnlyForDeploymentPostprocessing = 0;
		};
/* End PBXSourcesBuildPhase section */

/* Begin PBXVariantGroup section */
		1164763B19794D3300DB20B8 /* InfoPlist.strings */ = {
			isa = PBXVariantGroup;
			children = (
				1164763C19794D3300DB20B8 /* en */,
			);
			name = InfoPlist.strings;
			sourceTree = "<group>";
		};
/* End PBXVariantGroup section */

/* Begin XCBuildConfiguration section */
		1164765919794D3300DB20B8 /* Debug */ = {
			isa = XCBuildConfiguration;
			buildSettings = {
				ALWAYS_SEARCH_USER_PATHS = NO;
				CLANG_CXX_LANGUAGE_STANDARD = "gnu++0x";
				CLANG_CXX_LIBRARY = "libc++";
				CLANG_ENABLE_MODULES = YES;
				CLANG_ENABLE_OBJC_ARC = YES;
				CLANG_WARN_BOOL_CONVERSION = YES;
				CLANG_WARN_CONSTANT_CONVERSION = YES;
				CLANG_WARN_DIRECT_OBJC_ISA_USAGE = YES_ERROR;
				CLANG_WARN_EMPTY_BODY = YES;
				CLANG_WARN_ENUM_CONVERSION = YES;
				CLANG_WARN_INT_CONVERSION = YES;
				CLANG_WARN_OBJC_ROOT_CLASS = YES_ERROR;
				CLANG_WARN__DUPLICATE_METHOD_MATCH = YES;
				"CODE_SIGN_IDENTITY[sdk=iphoneos*]" = "iPhone Developer";
				COPY_PHASE_STRIP = NO;
				GCC_C_LANGUAGE_STANDARD = gnu99;
				GCC_DYNAMIC_NO_PIC = NO;
				GCC_OPTIMIZATION_LEVEL = 0;
				GCC_PREPROCESSOR_DEFINITIONS = (
					"DEBUG=1",
					"$(inherited)",
				);
				GCC_SYMBOLS_PRIVATE_EXTERN = NO;
				GCC_WARN_64_TO_32_BIT_CONVERSION = YES;
				GCC_WARN_ABOUT_RETURN_TYPE = YES_ERROR;
				GCC_WARN_UNDECLARED_SELECTOR = YES;
				GCC_WARN_UNINITIALIZED_AUTOS = YES_AGGRESSIVE;
				GCC_WARN_UNUSED_FUNCTION = YES;
				GCC_WARN_UNUSED_VARIABLE = YES;
				IPHONEOS_DEPLOYMENT_TARGET = 7.0;
				ONLY_ACTIVE_ARCH = YES;
				SDKROOT = iphoneos;
			};
			name = Debug;
		};
		1164765A19794D3300DB20B8 /* Release */ = {
			isa = XCBuildConfiguration;
			buildSettings = {
				ALWAYS_SEARCH_USER_PATHS = NO;
				CLANG_CXX_LANGUAGE_STANDARD = "gnu++0x";
				CLANG_CXX_LIBRARY = "libc++";
				CLANG_ENABLE_MODULES = YES;
				CLANG_ENABLE_OBJC_ARC = YES;
				CLANG_WARN_BOOL_CONVERSION = YES;
				CLANG_WARN_CONSTANT_CONVERSION = YES;
				CLANG_WARN_DIRECT_OBJC_ISA_USAGE = YES_ERROR;
				CLANG_WARN_EMPTY_BODY = YES;
				CLANG_WARN_ENUM_CONVERSION = YES;
				CLANG_WARN_INT_CONVERSION = YES;
				CLANG_WARN_OBJC_ROOT_CLASS = YES_ERROR;
				CLANG_WARN__DUPLICATE_METHOD_MATCH = YES;
				"CODE_SIGN_IDENTITY[sdk=iphoneos*]" = "iPhone Developer";
				COPY_PHASE_STRIP = YES;
				ENABLE_NS_ASSERTIONS = NO;
				GCC_C_LANGUAGE_STANDARD = gnu99;
				GCC_WARN_64_TO_32_BIT_CONVERSION = YES;
				GCC_WARN_ABOUT_RETURN_TYPE = YES_ERROR;
				GCC_WARN_UNDECLARED_SELECTOR = YES;
				GCC_WARN_UNINITIALIZED_AUTOS = YES_AGGRESSIVE;
				GCC_WARN_UNUSED_FUNCTION = YES;
				GCC_WARN_UNUSED_VARIABLE = YES;
				IPHONEOS_DEPLOYMENT_TARGET = 7.0;
				SDKROOT = iphoneos;
				VALIDATE_PRODUCT = YES;
			};
			name = Release;
		};
		1164765C19794D3300DB20B8 /* Debug */ = {
			isa = XCBuildConfiguration;
			baseConfigurationReference = 68BCD19387BD4EBBB6B48E72 /* Pods.xcconfig */;
			buildSettings = {
				ASSETCATALOG_COMPILER_APPICON_NAME = AppIcon;
				ASSETCATALOG_COMPILER_LAUNCHIMAGE_NAME = LaunchImage;
				GCC_PRECOMPILE_PREFIX_HEADER = YES;
				GCC_PREFIX_HEADER = "Antidote/Antidote-Prefix.pch";
				INFOPLIST_FILE = "Antidote/Antidote-Info.plist";
				PRODUCT_NAME = "$(TARGET_NAME)";
				WRAPPER_EXTENSION = app;
			};
			name = Debug;
		};
		1164765D19794D3300DB20B8 /* Release */ = {
			isa = XCBuildConfiguration;
			baseConfigurationReference = 68BCD19387BD4EBBB6B48E72 /* Pods.xcconfig */;
			buildSettings = {
				ASSETCATALOG_COMPILER_APPICON_NAME = AppIcon;
				ASSETCATALOG_COMPILER_LAUNCHIMAGE_NAME = LaunchImage;
				GCC_PRECOMPILE_PREFIX_HEADER = YES;
				GCC_PREFIX_HEADER = "Antidote/Antidote-Prefix.pch";
				INFOPLIST_FILE = "Antidote/Antidote-Info.plist";
				PRODUCT_NAME = "$(TARGET_NAME)";
				WRAPPER_EXTENSION = app;
			};
			name = Release;
		};
/* End XCBuildConfiguration section */

/* Begin XCConfigurationList section */
		1164762A19794D3300DB20B8 /* Build configuration list for PBXProject "Antidote" */ = {
			isa = XCConfigurationList;
			buildConfigurations = (
				1164765919794D3300DB20B8 /* Debug */,
				1164765A19794D3300DB20B8 /* Release */,
			);
			defaultConfigurationIsVisible = 0;
			defaultConfigurationName = Release;
		};
		1164765B19794D3300DB20B8 /* Build configuration list for PBXNativeTarget "Antidote" */ = {
			isa = XCConfigurationList;
			buildConfigurations = (
				1164765C19794D3300DB20B8 /* Debug */,
				1164765D19794D3300DB20B8 /* Release */,
			);
			defaultConfigurationIsVisible = 0;
			defaultConfigurationName = Release;
		};
/* End XCConfigurationList section */
	};
	rootObject = 1164762719794D3300DB20B8 /* Project object */;
}
