// !$*UTF8*$!
{
	archiveVersion = 1;
	classes = {
	};
	objectVersion = 46;
	objects = {

/* Begin PBXBuildFile section */
		1164763319794D3300DB20B8 /* Foundation.framework in Frameworks */ = {isa = PBXBuildFile; fileRef = 1164763219794D3300DB20B8 /* Foundation.framework */; };
		1164763519794D3300DB20B8 /* CoreGraphics.framework in Frameworks */ = {isa = PBXBuildFile; fileRef = 1164763419794D3300DB20B8 /* CoreGraphics.framework */; };
		1164763719794D3300DB20B8 /* UIKit.framework in Frameworks */ = {isa = PBXBuildFile; fileRef = 1164763619794D3300DB20B8 /* UIKit.framework */; };
		1164763D19794D3300DB20B8 /* InfoPlist.strings in Resources */ = {isa = PBXBuildFile; fileRef = 1164763B19794D3300DB20B8 /* InfoPlist.strings */; };
		1164764519794D3300DB20B8 /* Images.xcassets in Resources */ = {isa = PBXBuildFile; fileRef = 1164764419794D3300DB20B8 /* Images.xcassets */; };
		1164C8D81BC922EB00B91107 /* UserDefaultsManager.swift in Sources */ = {isa = PBXBuildFile; fileRef = 1164C8D71BC922EB00B91107 /* UserDefaultsManager.swift */; settings = {ASSET_TAGS = (); }; };
		1173EFAC1BC5BD2800B88B7B /* TabCoordinatorProtocol.swift in Sources */ = {isa = PBXBuildFile; fileRef = 1173EFAB1BC5BD2800B88B7B /* TabCoordinatorProtocol.swift */; settings = {ASSET_TAGS = (); }; };
		1173EFC71BC5C66200B88B7B /* Cent.framework in Frameworks */ = {isa = PBXBuildFile; fileRef = 1173EFC41BC5C65C00B88B7B /* Cent.framework */; };
		1173EFD71BC5C6C700B88B7B /* SnapKit.framework in Frameworks */ = {isa = PBXBuildFile; fileRef = 1173EFD01BC5C6B300B88B7B /* SnapKit.framework */; };
		1173EFF31BC5CF6E00B88B7B /* Yaml.framework in Frameworks */ = {isa = PBXBuildFile; fileRef = 1173EFF01BC5CF5D00B88B7B /* Yaml.framework */; };
		1173F0601BC5D95400B88B7B /* AppDelegate.swift in Sources */ = {isa = PBXBuildFile; fileRef = 11FA0ED31BC5842800F3DA5B /* AppDelegate.swift */; settings = {ASSET_TAGS = (); }; };
		1173F06E1BC5D9BA00B88B7B /* Theme.swift in Sources */ = {isa = PBXBuildFile; fileRef = 1173F06D1BC5D9BA00B88B7B /* Theme.swift */; settings = {ASSET_TAGS = (); }; };
		1173F0701BC5D9CA00B88B7B /* ThemeTest.swift in Sources */ = {isa = PBXBuildFile; fileRef = 1173F06F1BC5D9CA00B88B7B /* ThemeTest.swift */; settings = {ASSET_TAGS = (); }; };
		1173F0721BC5D9DA00B88B7B /* default-theme.yaml in Resources */ = {isa = PBXBuildFile; fileRef = 1173F0711BC5D9DA00B88B7B /* default-theme.yaml */; settings = {ASSET_TAGS = (); }; };
		1179E06B1BA0534600D258C6 /* import-profile.html in Resources */ = {isa = PBXBuildFile; fileRef = 1179E06A1BA0534600D258C6 /* import-profile.html */; };
		11FA0ED41BC5842800F3DA5B /* AppDelegate.swift in Sources */ = {isa = PBXBuildFile; fileRef = 11FA0ED31BC5842800F3DA5B /* AppDelegate.swift */; settings = {ASSET_TAGS = (); }; };
		11FA0EDA1BC584D900F3DA5B /* AppCoordinator.swift in Sources */ = {isa = PBXBuildFile; fileRef = 11FA0ED91BC584D900F3DA5B /* AppCoordinator.swift */; settings = {ASSET_TAGS = (); }; };
		11FA0EDE1BC58DCC00F3DA5B /* CoordinatorProtocol.swift in Sources */ = {isa = PBXBuildFile; fileRef = 11FA0EDD1BC58DCC00F3DA5B /* CoordinatorProtocol.swift */; settings = {ASSET_TAGS = (); }; };
		11FA0EE11BC591FC00F3DA5B /* Logger.swift in Sources */ = {isa = PBXBuildFile; fileRef = 11FA0EE01BC591FC00F3DA5B /* Logger.swift */; settings = {ASSET_TAGS = (); }; };
		11FA0EE71BC59B1400F3DA5B /* RunningCoordinator.swift in Sources */ = {isa = PBXBuildFile; fileRef = 11FA0EE61BC59B1400F3DA5B /* RunningCoordinator.swift */; settings = {ASSET_TAGS = (); }; };
		11FA0EE91BC5A66D00F3DA5B /* LoginCoordinator.swift in Sources */ = {isa = PBXBuildFile; fileRef = 11FA0EE81BC5A66D00F3DA5B /* LoginCoordinator.swift */; settings = {ASSET_TAGS = (); }; };
		11FA0EEB1BC5A68600F3DA5B /* FriendsTabCoordinator.swift in Sources */ = {isa = PBXBuildFile; fileRef = 11FA0EEA1BC5A68600F3DA5B /* FriendsTabCoordinator.swift */; settings = {ASSET_TAGS = (); }; };
		11FA0EED1BC5A69000F3DA5B /* ProfileTabCoordinator.swift in Sources */ = {isa = PBXBuildFile; fileRef = 11FA0EEC1BC5A69000F3DA5B /* ProfileTabCoordinator.swift */; settings = {ASSET_TAGS = (); }; };
		11FA0EEF1BC5A69B00F3DA5B /* ChangePasswordCoordinator.swift in Sources */ = {isa = PBXBuildFile; fileRef = 11FA0EEE1BC5A69B00F3DA5B /* ChangePasswordCoordinator.swift */; settings = {ASSET_TAGS = (); }; };
		11FA0EF11BC5A6A500F3DA5B /* SettingsTabCoordinator.swift in Sources */ = {isa = PBXBuildFile; fileRef = 11FA0EF01BC5A6A500F3DA5B /* SettingsTabCoordinator.swift */; settings = {ASSET_TAGS = (); }; };
		11FA0EF31BC5A6AF00F3DA5B /* ChatsTabCoordinator.swift in Sources */ = {isa = PBXBuildFile; fileRef = 11FA0EF21BC5A6AF00F3DA5B /* ChatsTabCoordinator.swift */; settings = {ASSET_TAGS = (); }; };
		9C7475BE1BC698110098B1A4 /* Localizable.strings in Resources */ = {isa = PBXBuildFile; fileRef = 9C7475C01BC698110098B1A4 /* Localizable.strings */; };
		9C7475C51BC698510098B1A4 /* StringExtension.swift in Sources */ = {isa = PBXBuildFile; fileRef = 9C7475C41BC698510098B1A4 /* StringExtension.swift */; settings = {ASSET_TAGS = (); }; };
		9C7475E21BC6ABE60098B1A4 /* Theme.swift in Sources */ = {isa = PBXBuildFile; fileRef = 1173F06D1BC5D9BA00B88B7B /* Theme.swift */; settings = {ASSET_TAGS = (); }; };
		9C7475E31BC6ABE60098B1A4 /* CoordinatorProtocol.swift in Sources */ = {isa = PBXBuildFile; fileRef = 11FA0EDD1BC58DCC00F3DA5B /* CoordinatorProtocol.swift */; settings = {ASSET_TAGS = (); }; };
		9C7475E41BC6ABE60098B1A4 /* AppCoordinator.swift in Sources */ = {isa = PBXBuildFile; fileRef = 11FA0ED91BC584D900F3DA5B /* AppCoordinator.swift */; settings = {ASSET_TAGS = (); }; };
		9C7475E51BC6ABE60098B1A4 /* LoginCoordinator.swift in Sources */ = {isa = PBXBuildFile; fileRef = 11FA0EE81BC5A66D00F3DA5B /* LoginCoordinator.swift */; settings = {ASSET_TAGS = (); }; };
		9C7475E61BC6ABE60098B1A4 /* RunningCoordinator.swift in Sources */ = {isa = PBXBuildFile; fileRef = 11FA0EE61BC59B1400F3DA5B /* RunningCoordinator.swift */; settings = {ASSET_TAGS = (); }; };
		9C7475E71BC6ABE60098B1A4 /* ChangePasswordCoordinator.swift in Sources */ = {isa = PBXBuildFile; fileRef = 11FA0EEE1BC5A69B00F3DA5B /* ChangePasswordCoordinator.swift */; settings = {ASSET_TAGS = (); }; };
		9C7475E81BC6ABE60098B1A4 /* ChatsTabCoordinator.swift in Sources */ = {isa = PBXBuildFile; fileRef = 11FA0EF21BC5A6AF00F3DA5B /* ChatsTabCoordinator.swift */; settings = {ASSET_TAGS = (); }; };
		9C7475E91BC6ABE60098B1A4 /* FriendsTabCoordinator.swift in Sources */ = {isa = PBXBuildFile; fileRef = 11FA0EEA1BC5A68600F3DA5B /* FriendsTabCoordinator.swift */; settings = {ASSET_TAGS = (); }; };
		9C7475EA1BC6ABE60098B1A4 /* ProfileTabCoordinator.swift in Sources */ = {isa = PBXBuildFile; fileRef = 11FA0EEC1BC5A69000F3DA5B /* ProfileTabCoordinator.swift */; settings = {ASSET_TAGS = (); }; };
		9C7475EB1BC6ABE60098B1A4 /* SettingsTabCoordinator.swift in Sources */ = {isa = PBXBuildFile; fileRef = 11FA0EF01BC5A6A500F3DA5B /* SettingsTabCoordinator.swift */; settings = {ASSET_TAGS = (); }; };
		9C7475EC1BC6ABE60098B1A4 /* TabCoordinatorProtocol.swift in Sources */ = {isa = PBXBuildFile; fileRef = 1173EFAB1BC5BD2800B88B7B /* TabCoordinatorProtocol.swift */; settings = {ASSET_TAGS = (); }; };
		9C7475ED1BC6ABE60098B1A4 /* StringExtension.swift in Sources */ = {isa = PBXBuildFile; fileRef = 9C7475C41BC698510098B1A4 /* StringExtension.swift */; settings = {ASSET_TAGS = (); }; };
		9C7475EE1BC6ABE60098B1A4 /* Logger.swift in Sources */ = {isa = PBXBuildFile; fileRef = 11FA0EE01BC591FC00F3DA5B /* Logger.swift */; settings = {ASSET_TAGS = (); }; };
		A268447630F941ADA4541F0C /* libPods.a in Frameworks */ = {isa = PBXBuildFile; fileRef = 7E7D2AE7333141D09DEE1E40 /* libPods.a */; };
/* End PBXBuildFile section */

/* Begin PBXContainerItemProxy section */
		1173EFC31BC5C65C00B88B7B /* PBXContainerItemProxy */ = {
			isa = PBXContainerItemProxy;
			containerPortal = 1173EFBD1BC5C65C00B88B7B /* Cent.xcodeproj */;
			proxyType = 2;
			remoteGlobalIDString = 924F92DC195F8338003DBB60;
			remoteInfo = Cent;
		};
		1173EFC51BC5C65C00B88B7B /* PBXContainerItemProxy */ = {
			isa = PBXContainerItemProxy;
			containerPortal = 1173EFBD1BC5C65C00B88B7B /* Cent.xcodeproj */;
			proxyType = 2;
			remoteGlobalIDString = 92E6688119F0B89600BB4FB8;
			remoteInfo = CentTests;
		};
		1173EFCF1BC5C6B300B88B7B /* PBXContainerItemProxy */ = {
			isa = PBXContainerItemProxy;
			containerPortal = 1173EFC81BC5C6B300B88B7B /* SnapKit.xcodeproj */;
			proxyType = 2;
			remoteGlobalIDString = EEBCC9D819CC627D0083B827;
			remoteInfo = "SnapKit iOS";
		};
		1173EFD11BC5C6B300B88B7B /* PBXContainerItemProxy */ = {
			isa = PBXContainerItemProxy;
			containerPortal = 1173EFC81BC5C6B300B88B7B /* SnapKit.xcodeproj */;
			proxyType = 2;
			remoteGlobalIDString = EECDB37A1AC0C9D4006BBC11;
			remoteInfo = "SnapKit OSX";
		};
		1173EFD31BC5C6B300B88B7B /* PBXContainerItemProxy */ = {
			isa = PBXContainerItemProxy;
			containerPortal = 1173EFC81BC5C6B300B88B7B /* SnapKit.xcodeproj */;
			proxyType = 2;
			remoteGlobalIDString = EEBCC9E219CC627E0083B827;
			remoteInfo = "SnapKit iOS Tests";
		};
		1173EFD51BC5C6B300B88B7B /* PBXContainerItemProxy */ = {
			isa = PBXContainerItemProxy;
			containerPortal = 1173EFC81BC5C6B300B88B7B /* SnapKit.xcodeproj */;
			proxyType = 2;
			remoteGlobalIDString = EECDB3841AC0C9D4006BBC11;
			remoteInfo = "SnapKit OSX Tests";
		};
		1173EFEB1BC5CF5D00B88B7B /* PBXContainerItemProxy */ = {
			isa = PBXContainerItemProxy;
			containerPortal = 1173EFE41BC5CF5D00B88B7B /* Yaml.xcodeproj */;
			proxyType = 2;
			remoteGlobalIDString = 8E1D76211B258FEE0022C013;
			remoteInfo = "Yaml OSX";
		};
		1173EFED1BC5CF5D00B88B7B /* PBXContainerItemProxy */ = {
			isa = PBXContainerItemProxy;
			containerPortal = 1173EFE41BC5CF5D00B88B7B /* Yaml.xcodeproj */;
			proxyType = 2;
			remoteGlobalIDString = 8E1D762C1B258FEE0022C013;
			remoteInfo = "YamlTests OSX";
		};
		1173EFEF1BC5CF5D00B88B7B /* PBXContainerItemProxy */ = {
			isa = PBXContainerItemProxy;
			containerPortal = 1173EFE41BC5CF5D00B88B7B /* Yaml.xcodeproj */;
			proxyType = 2;
			remoteGlobalIDString = F32DF2581B73054C0011046A;
			remoteInfo = "Yaml iOS";
		};
		1173EFF11BC5CF5D00B88B7B /* PBXContainerItemProxy */ = {
			isa = PBXContainerItemProxy;
			containerPortal = 1173EFE41BC5CF5D00B88B7B /* Yaml.xcodeproj */;
			proxyType = 2;
			remoteGlobalIDString = F32DF2611B73054C0011046A;
			remoteInfo = "YamlTests iOS";
		};
		1173F05B1BC5D94400B88B7B /* PBXContainerItemProxy */ = {
			isa = PBXContainerItemProxy;
			containerPortal = 1164762719794D3300DB20B8 /* Project object */;
			proxyType = 1;
			remoteGlobalIDString = 1164762E19794D3300DB20B8;
			remoteInfo = Antidote;
		};
/* End PBXContainerItemProxy section */

/* Begin PBXFileReference section */
		1164762F19794D3300DB20B8 /* Antidote.app */ = {isa = PBXFileReference; explicitFileType = wrapper.application; includeInIndex = 0; path = Antidote.app; sourceTree = BUILT_PRODUCTS_DIR; };
		1164763219794D3300DB20B8 /* Foundation.framework */ = {isa = PBXFileReference; lastKnownFileType = wrapper.framework; name = Foundation.framework; path = System/Library/Frameworks/Foundation.framework; sourceTree = SDKROOT; };
		1164763419794D3300DB20B8 /* CoreGraphics.framework */ = {isa = PBXFileReference; lastKnownFileType = wrapper.framework; name = CoreGraphics.framework; path = System/Library/Frameworks/CoreGraphics.framework; sourceTree = SDKROOT; };
		1164763619794D3300DB20B8 /* UIKit.framework */ = {isa = PBXFileReference; lastKnownFileType = wrapper.framework; name = UIKit.framework; path = System/Library/Frameworks/UIKit.framework; sourceTree = SDKROOT; };
		1164763A19794D3300DB20B8 /* Antidote-Info.plist */ = {isa = PBXFileReference; lastKnownFileType = text.plist.xml; path = "Antidote-Info.plist"; sourceTree = "<group>"; };
		1164763C19794D3300DB20B8 /* en */ = {isa = PBXFileReference; lastKnownFileType = text.plist.strings; name = en; path = en.lproj/InfoPlist.strings; sourceTree = "<group>"; };
		1164764419794D3300DB20B8 /* Images.xcassets */ = {isa = PBXFileReference; lastKnownFileType = folder.assetcatalog; path = Images.xcassets; sourceTree = "<group>"; };
		1164764B19794D3300DB20B8 /* XCTest.framework */ = {isa = PBXFileReference; lastKnownFileType = wrapper.framework; name = XCTest.framework; path = Library/Frameworks/XCTest.framework; sourceTree = DEVELOPER_DIR; };
		1164C8D71BC922EB00B91107 /* UserDefaultsManager.swift */ = {isa = PBXFileReference; fileEncoding = 4; lastKnownFileType = sourcecode.swift; path = UserDefaultsManager.swift; sourceTree = "<group>"; };
		1173EFAB1BC5BD2800B88B7B /* TabCoordinatorProtocol.swift */ = {isa = PBXFileReference; fileEncoding = 4; lastKnownFileType = sourcecode.swift; path = TabCoordinatorProtocol.swift; sourceTree = "<group>"; };
		1173EFBD1BC5C65C00B88B7B /* Cent.xcodeproj */ = {isa = PBXFileReference; lastKnownFileType = "wrapper.pb-project"; name = Cent.xcodeproj; path = submodules/Dollar.swift/Cent/Cent.xcodeproj; sourceTree = "<group>"; };
		1173EFC81BC5C6B300B88B7B /* SnapKit.xcodeproj */ = {isa = PBXFileReference; lastKnownFileType = "wrapper.pb-project"; name = SnapKit.xcodeproj; path = submodules/SnapKit/SnapKit.xcodeproj; sourceTree = "<group>"; };
		1173EFE41BC5CF5D00B88B7B /* Yaml.xcodeproj */ = {isa = PBXFileReference; lastKnownFileType = "wrapper.pb-project"; name = Yaml.xcodeproj; path = submodules/YamlSwift/Yaml.xcodeproj; sourceTree = "<group>"; };
		1173F0561BC5D94400B88B7B /* AntidoteTests.xctest */ = {isa = PBXFileReference; explicitFileType = wrapper.cfbundle; includeInIndex = 0; path = AntidoteTests.xctest; sourceTree = BUILT_PRODUCTS_DIR; };
		1173F05A1BC5D94400B88B7B /* Info.plist */ = {isa = PBXFileReference; lastKnownFileType = text.plist.xml; path = Info.plist; sourceTree = "<group>"; };
		1173F06D1BC5D9BA00B88B7B /* Theme.swift */ = {isa = PBXFileReference; fileEncoding = 4; lastKnownFileType = sourcecode.swift; path = Theme.swift; sourceTree = "<group>"; };
		1173F06F1BC5D9CA00B88B7B /* ThemeTest.swift */ = {isa = PBXFileReference; fileEncoding = 4; lastKnownFileType = sourcecode.swift; path = ThemeTest.swift; sourceTree = "<group>"; };
		1173F0711BC5D9DA00B88B7B /* default-theme.yaml */ = {isa = PBXFileReference; fileEncoding = 4; lastKnownFileType = text; path = "default-theme.yaml"; sourceTree = "<group>"; };
		1179E06A1BA0534600D258C6 /* import-profile.html */ = {isa = PBXFileReference; fileEncoding = 4; lastKnownFileType = text.html; path = "import-profile.html"; sourceTree = "<group>"; };
		11FA0ED21BC5842800F3DA5B /* Antidote-Bridging-Header.h */ = {isa = PBXFileReference; lastKnownFileType = sourcecode.c.h; path = "Antidote-Bridging-Header.h"; sourceTree = "<group>"; };
		11FA0ED31BC5842800F3DA5B /* AppDelegate.swift */ = {isa = PBXFileReference; fileEncoding = 4; lastKnownFileType = sourcecode.swift; path = AppDelegate.swift; sourceTree = "<group>"; };
		11FA0ED91BC584D900F3DA5B /* AppCoordinator.swift */ = {isa = PBXFileReference; fileEncoding = 4; lastKnownFileType = sourcecode.swift; path = AppCoordinator.swift; sourceTree = "<group>"; };
		11FA0EDD1BC58DCC00F3DA5B /* CoordinatorProtocol.swift */ = {isa = PBXFileReference; fileEncoding = 4; lastKnownFileType = sourcecode.swift; path = CoordinatorProtocol.swift; sourceTree = "<group>"; };
		11FA0EE01BC591FC00F3DA5B /* Logger.swift */ = {isa = PBXFileReference; fileEncoding = 4; lastKnownFileType = sourcecode.swift; path = Logger.swift; sourceTree = "<group>"; };
		11FA0EE61BC59B1400F3DA5B /* RunningCoordinator.swift */ = {isa = PBXFileReference; fileEncoding = 4; lastKnownFileType = sourcecode.swift; path = RunningCoordinator.swift; sourceTree = "<group>"; };
		11FA0EE81BC5A66D00F3DA5B /* LoginCoordinator.swift */ = {isa = PBXFileReference; fileEncoding = 4; lastKnownFileType = sourcecode.swift; path = LoginCoordinator.swift; sourceTree = "<group>"; };
		11FA0EEA1BC5A68600F3DA5B /* FriendsTabCoordinator.swift */ = {isa = PBXFileReference; fileEncoding = 4; lastKnownFileType = sourcecode.swift; path = FriendsTabCoordinator.swift; sourceTree = "<group>"; };
		11FA0EEC1BC5A69000F3DA5B /* ProfileTabCoordinator.swift */ = {isa = PBXFileReference; fileEncoding = 4; lastKnownFileType = sourcecode.swift; path = ProfileTabCoordinator.swift; sourceTree = "<group>"; };
		11FA0EEE1BC5A69B00F3DA5B /* ChangePasswordCoordinator.swift */ = {isa = PBXFileReference; fileEncoding = 4; lastKnownFileType = sourcecode.swift; path = ChangePasswordCoordinator.swift; sourceTree = "<group>"; };
		11FA0EF01BC5A6A500F3DA5B /* SettingsTabCoordinator.swift */ = {isa = PBXFileReference; fileEncoding = 4; lastKnownFileType = sourcecode.swift; path = SettingsTabCoordinator.swift; sourceTree = "<group>"; };
		11FA0EF21BC5A6AF00F3DA5B /* ChatsTabCoordinator.swift */ = {isa = PBXFileReference; fileEncoding = 4; lastKnownFileType = sourcecode.swift; path = ChatsTabCoordinator.swift; sourceTree = "<group>"; };
		4ADD1C1DD88A391117C30B9F /* Pods.release.xcconfig */ = {isa = PBXFileReference; includeInIndex = 1; lastKnownFileType = text.xcconfig; name = Pods.release.xcconfig; path = "Pods/Target Support Files/Pods/Pods.release.xcconfig"; sourceTree = "<group>"; };
		7E7D2AE7333141D09DEE1E40 /* libPods.a */ = {isa = PBXFileReference; explicitFileType = archive.ar; includeInIndex = 0; path = libPods.a; sourceTree = BUILT_PRODUCTS_DIR; };
		9C7475BF1BC698110098B1A4 /* en */ = {isa = PBXFileReference; lastKnownFileType = text.plist.strings; name = en; path = en.lproj/Localizable.strings; sourceTree = "<group>"; };
		9C7475C41BC698510098B1A4 /* StringExtension.swift */ = {isa = PBXFileReference; fileEncoding = 4; lastKnownFileType = sourcecode.swift; path = StringExtension.swift; sourceTree = "<group>"; };
		B256424EA3A055BD47F475CD /* Pods.debug.xcconfig */ = {isa = PBXFileReference; includeInIndex = 1; lastKnownFileType = text.xcconfig; name = Pods.debug.xcconfig; path = "Pods/Target Support Files/Pods/Pods.debug.xcconfig"; sourceTree = "<group>"; };
/* End PBXFileReference section */

/* Begin PBXFrameworksBuildPhase section */
		1164762C19794D3300DB20B8 /* Frameworks */ = {
			isa = PBXFrameworksBuildPhase;
			buildActionMask = 2147483647;
			files = (
				1173EFF31BC5CF6E00B88B7B /* Yaml.framework in Frameworks */,
				1173EFD71BC5C6C700B88B7B /* SnapKit.framework in Frameworks */,
				1173EFC71BC5C66200B88B7B /* Cent.framework in Frameworks */,
				1164763519794D3300DB20B8 /* CoreGraphics.framework in Frameworks */,
				1164763719794D3300DB20B8 /* UIKit.framework in Frameworks */,
				1164763319794D3300DB20B8 /* Foundation.framework in Frameworks */,
				A268447630F941ADA4541F0C /* libPods.a in Frameworks */,
			);
			runOnlyForDeploymentPostprocessing = 0;
		};
		1173F0531BC5D94400B88B7B /* Frameworks */ = {
			isa = PBXFrameworksBuildPhase;
			buildActionMask = 2147483647;
			files = (
			);
			runOnlyForDeploymentPostprocessing = 0;
		};
/* End PBXFrameworksBuildPhase section */

/* Begin PBXGroup section */
		1164762619794D3300DB20B8 = {
			isa = PBXGroup;
			children = (
				1164763819794D3300DB20B8 /* Antidote */,
				1173F0571BC5D94400B88B7B /* AntidoteTests */,
				1164763119794D3300DB20B8 /* Frameworks */,
				454BE7B91D6EF3C677425911 /* Pods */,
				1164763019794D3300DB20B8 /* Products */,
				1173EFB21BC5C40100B88B7B /* Submodules */,
			);
			sourceTree = "<group>";
		};
		1164763019794D3300DB20B8 /* Products */ = {
			isa = PBXGroup;
			children = (
				1164762F19794D3300DB20B8 /* Antidote.app */,
				1173F0561BC5D94400B88B7B /* AntidoteTests.xctest */,
			);
			name = Products;
			sourceTree = "<group>";
		};
		1164763119794D3300DB20B8 /* Frameworks */ = {
			isa = PBXGroup;
			children = (
				1164763219794D3300DB20B8 /* Foundation.framework */,
				1164763419794D3300DB20B8 /* CoreGraphics.framework */,
				1164763619794D3300DB20B8 /* UIKit.framework */,
				1164764B19794D3300DB20B8 /* XCTest.framework */,
				7E7D2AE7333141D09DEE1E40 /* libPods.a */,
			);
			name = Frameworks;
			sourceTree = "<group>";
		};
		1164763819794D3300DB20B8 /* Antidote */ = {
			isa = PBXGroup;
			children = (
				F902D28D1ADED27A0070A3F5 /* Application */,
				1173F06C1BC5D9B000B88B7B /* Classes */,
				11FA0ED61BC584A300F3DA5B /* Coordinators */,
				9C7475C11BC698240098B1A4 /* Extensions */,
				11FA0EDF1BC591EA00F3DA5B /* Functions */,
			);
			path = Antidote;
			sourceTree = "<group>";
		};
		1173EFB21BC5C40100B88B7B /* Submodules */ = {
			isa = PBXGroup;
			children = (
				1173EFBD1BC5C65C00B88B7B /* Cent.xcodeproj */,
				1173EFC81BC5C6B300B88B7B /* SnapKit.xcodeproj */,
				1173EFE41BC5CF5D00B88B7B /* Yaml.xcodeproj */,
			);
			name = Submodules;
			sourceTree = "<group>";
		};
		1173EFBE1BC5C65C00B88B7B /* Products */ = {
			isa = PBXGroup;
			children = (
				1173EFC41BC5C65C00B88B7B /* Cent.framework */,
				1173EFC61BC5C65C00B88B7B /* CentTests.xctest */,
			);
			name = Products;
			sourceTree = "<group>";
		};
		1173EFC91BC5C6B300B88B7B /* Products */ = {
			isa = PBXGroup;
			children = (
				1173EFD01BC5C6B300B88B7B /* SnapKit.framework */,
				1173EFD21BC5C6B300B88B7B /* SnapKit.framework */,
				1173EFD41BC5C6B300B88B7B /* SnapKit iOS Tests.xctest */,
				1173EFD61BC5C6B300B88B7B /* SnapKit OSX Tests.xctest */,
			);
			name = Products;
			sourceTree = "<group>";
		};
		1173EFE51BC5CF5D00B88B7B /* Products */ = {
			isa = PBXGroup;
			children = (
				1173EFEC1BC5CF5D00B88B7B /* Yaml.framework */,
				1173EFEE1BC5CF5D00B88B7B /* YamlTests.xctest */,
				1173EFF01BC5CF5D00B88B7B /* Yaml.framework */,
				1173EFF21BC5CF5D00B88B7B /* YamlTests.xctest */,
			);
			name = Products;
			sourceTree = "<group>";
		};
		1173F0571BC5D94400B88B7B /* AntidoteTests */ = {
			isa = PBXGroup;
			children = (
				1173F05A1BC5D94400B88B7B /* Info.plist */,
				1173F06F1BC5D9CA00B88B7B /* ThemeTest.swift */,
			);
			path = AntidoteTests;
			sourceTree = "<group>";
		};
		1173F06C1BC5D9B000B88B7B /* Classes */ = {
			isa = PBXGroup;
			children = (
				1173F06D1BC5D9BA00B88B7B /* Theme.swift */,
				1164C8D71BC922EB00B91107 /* UserDefaultsManager.swift */,
			);
			name = Classes;
			sourceTree = "<group>";
		};
		11FA0ED61BC584A300F3DA5B /* Coordinators */ = {
			isa = PBXGroup;
			children = (
				11FA0EDD1BC58DCC00F3DA5B /* CoordinatorProtocol.swift */,
				11FA0ED91BC584D900F3DA5B /* AppCoordinator.swift */,
				11FA0EE81BC5A66D00F3DA5B /* LoginCoordinator.swift */,
				11FA0EE61BC59B1400F3DA5B /* RunningCoordinator.swift */,
				11FA0EE31BC59A9B00F3DA5B /* Running */,
			);
			name = Coordinators;
			sourceTree = "<group>";
		};
		11FA0EDF1BC591EA00F3DA5B /* Functions */ = {
			isa = PBXGroup;
			children = (
				11FA0EE01BC591FC00F3DA5B /* Logger.swift */,
			);
			name = Functions;
			sourceTree = "<group>";
		};
		11FA0EE31BC59A9B00F3DA5B /* Running */ = {
			isa = PBXGroup;
			children = (
				11FA0EEE1BC5A69B00F3DA5B /* ChangePasswordCoordinator.swift */,
				11FA0EF21BC5A6AF00F3DA5B /* ChatsTabCoordinator.swift */,
				11FA0EEA1BC5A68600F3DA5B /* FriendsTabCoordinator.swift */,
				11FA0EEC1BC5A69000F3DA5B /* ProfileTabCoordinator.swift */,
				11FA0EF01BC5A6A500F3DA5B /* SettingsTabCoordinator.swift */,
				1173EFAB1BC5BD2800B88B7B /* TabCoordinatorProtocol.swift */,
			);
			name = Running;
			sourceTree = "<group>";
		};
		454BE7B91D6EF3C677425911 /* Pods */ = {
			isa = PBXGroup;
			children = (
				B256424EA3A055BD47F475CD /* Pods.debug.xcconfig */,
				4ADD1C1DD88A391117C30B9F /* Pods.release.xcconfig */,
			);
			name = Pods;
			sourceTree = "<group>";
		};
		9C7475C11BC698240098B1A4 /* Extensions */ = {
			isa = PBXGroup;
			children = (
				9C7475C41BC698510098B1A4 /* StringExtension.swift */,
			);
			name = Extensions;
			sourceTree = "<group>";
		};
		F902D28D1ADED27A0070A3F5 /* Application */ = {
			isa = PBXGroup;
			children = (
				11FA0ED21BC5842800F3DA5B /* Antidote-Bridging-Header.h */,
				1164763A19794D3300DB20B8 /* Antidote-Info.plist */,
				11FA0ED31BC5842800F3DA5B /* AppDelegate.swift */,
				1164764419794D3300DB20B8 /* Images.xcassets */,
				1179E06A1BA0534600D258C6 /* import-profile.html */,
				1173F0711BC5D9DA00B88B7B /* default-theme.yaml */,
				1164763B19794D3300DB20B8 /* InfoPlist.strings */,
				9C7475C01BC698110098B1A4 /* Localizable.strings */,
			);
			name = Application;
			sourceTree = "<group>";
		};
/* End PBXGroup section */

/* Begin PBXNativeTarget section */
		1164762E19794D3300DB20B8 /* Antidote */ = {
			isa = PBXNativeTarget;
			buildConfigurationList = 1164765B19794D3300DB20B8 /* Build configuration list for PBXNativeTarget "Antidote" */;
			buildPhases = (
				15920CF02947462BB669E402 /* Check Pods Manifest.lock */,
				1164762B19794D3300DB20B8 /* Sources */,
				1164762C19794D3300DB20B8 /* Frameworks */,
				1164762D19794D3300DB20B8 /* Resources */,
				765330FB0A1142E6A0B97483 /* Copy Pods Resources */,
			);
			buildRules = (
			);
			dependencies = (
			);
			name = Antidote;
			productName = Antidote;
			productReference = 1164762F19794D3300DB20B8 /* Antidote.app */;
			productType = "com.apple.product-type.application";
		};
		1173F0551BC5D94400B88B7B /* AntidoteTests */ = {
			isa = PBXNativeTarget;
			buildConfigurationList = 1173F05D1BC5D94400B88B7B /* Build configuration list for PBXNativeTarget "AntidoteTests" */;
			buildPhases = (
				1173F0521BC5D94400B88B7B /* Sources */,
				1173F0531BC5D94400B88B7B /* Frameworks */,
				1173F0541BC5D94400B88B7B /* Resources */,
			);
			buildRules = (
			);
			dependencies = (
				1173F05C1BC5D94400B88B7B /* PBXTargetDependency */,
			);
			name = AntidoteTests;
			productName = AntidoteTests;
			productReference = 1173F0561BC5D94400B88B7B /* AntidoteTests.xctest */;
			productType = "com.apple.product-type.bundle.unit-test";
		};
/* End PBXNativeTarget section */

/* Begin PBXProject section */
		1164762719794D3300DB20B8 /* Project object */ = {
			isa = PBXProject;
			attributes = {
				LastSwiftUpdateCheck = 0700;
				LastUpgradeCheck = 0510;
				ORGANIZATIONNAME = dvor;
				TargetAttributes = {
					1173F0551BC5D94400B88B7B = {
						CreatedOnToolsVersion = 7.0;
						TestTargetID = 1164762E19794D3300DB20B8;
					};
				};
			};
			buildConfigurationList = 1164762A19794D3300DB20B8 /* Build configuration list for PBXProject "Antidote" */;
			compatibilityVersion = "Xcode 3.2";
			developmentRegion = English;
			hasScannedForEncodings = 0;
			knownRegions = (
				en,
			);
			mainGroup = 1164762619794D3300DB20B8;
			productRefGroup = 1164763019794D3300DB20B8 /* Products */;
			projectDirPath = "";
			projectReferences = (
				{
					ProductGroup = 1173EFBE1BC5C65C00B88B7B /* Products */;
					ProjectRef = 1173EFBD1BC5C65C00B88B7B /* Cent.xcodeproj */;
				},
				{
					ProductGroup = 1173EFC91BC5C6B300B88B7B /* Products */;
					ProjectRef = 1173EFC81BC5C6B300B88B7B /* SnapKit.xcodeproj */;
				},
				{
					ProductGroup = 1173EFE51BC5CF5D00B88B7B /* Products */;
					ProjectRef = 1173EFE41BC5CF5D00B88B7B /* Yaml.xcodeproj */;
				},
			);
			projectRoot = "";
			targets = (
				1164762E19794D3300DB20B8 /* Antidote */,
				1173F0551BC5D94400B88B7B /* AntidoteTests */,
			);
		};
/* End PBXProject section */

/* Begin PBXReferenceProxy section */
		1173EFC41BC5C65C00B88B7B /* Cent.framework */ = {
			isa = PBXReferenceProxy;
			fileType = wrapper.framework;
			path = Cent.framework;
			remoteRef = 1173EFC31BC5C65C00B88B7B /* PBXContainerItemProxy */;
			sourceTree = BUILT_PRODUCTS_DIR;
		};
		1173EFC61BC5C65C00B88B7B /* CentTests.xctest */ = {
			isa = PBXReferenceProxy;
			fileType = wrapper.cfbundle;
			path = CentTests.xctest;
			remoteRef = 1173EFC51BC5C65C00B88B7B /* PBXContainerItemProxy */;
			sourceTree = BUILT_PRODUCTS_DIR;
		};
		1173EFD01BC5C6B300B88B7B /* SnapKit.framework */ = {
			isa = PBXReferenceProxy;
			fileType = wrapper.framework;
			path = SnapKit.framework;
			remoteRef = 1173EFCF1BC5C6B300B88B7B /* PBXContainerItemProxy */;
			sourceTree = BUILT_PRODUCTS_DIR;
		};
		1173EFD21BC5C6B300B88B7B /* SnapKit.framework */ = {
			isa = PBXReferenceProxy;
			fileType = wrapper.framework;
			path = SnapKit.framework;
			remoteRef = 1173EFD11BC5C6B300B88B7B /* PBXContainerItemProxy */;
			sourceTree = BUILT_PRODUCTS_DIR;
		};
		1173EFD41BC5C6B300B88B7B /* SnapKit iOS Tests.xctest */ = {
			isa = PBXReferenceProxy;
			fileType = wrapper.cfbundle;
			path = "SnapKit iOS Tests.xctest";
			remoteRef = 1173EFD31BC5C6B300B88B7B /* PBXContainerItemProxy */;
			sourceTree = BUILT_PRODUCTS_DIR;
		};
		1173EFD61BC5C6B300B88B7B /* SnapKit OSX Tests.xctest */ = {
			isa = PBXReferenceProxy;
			fileType = wrapper.cfbundle;
			path = "SnapKit OSX Tests.xctest";
			remoteRef = 1173EFD51BC5C6B300B88B7B /* PBXContainerItemProxy */;
			sourceTree = BUILT_PRODUCTS_DIR;
		};
		1173EFEC1BC5CF5D00B88B7B /* Yaml.framework */ = {
			isa = PBXReferenceProxy;
			fileType = wrapper.framework;
			path = Yaml.framework;
			remoteRef = 1173EFEB1BC5CF5D00B88B7B /* PBXContainerItemProxy */;
			sourceTree = BUILT_PRODUCTS_DIR;
		};
		1173EFEE1BC5CF5D00B88B7B /* YamlTests.xctest */ = {
			isa = PBXReferenceProxy;
			fileType = wrapper.cfbundle;
			path = YamlTests.xctest;
			remoteRef = 1173EFED1BC5CF5D00B88B7B /* PBXContainerItemProxy */;
			sourceTree = BUILT_PRODUCTS_DIR;
		};
		1173EFF01BC5CF5D00B88B7B /* Yaml.framework */ = {
			isa = PBXReferenceProxy;
			fileType = wrapper.framework;
			path = Yaml.framework;
			remoteRef = 1173EFEF1BC5CF5D00B88B7B /* PBXContainerItemProxy */;
			sourceTree = BUILT_PRODUCTS_DIR;
		};
		1173EFF21BC5CF5D00B88B7B /* YamlTests.xctest */ = {
			isa = PBXReferenceProxy;
			fileType = wrapper.cfbundle;
			path = YamlTests.xctest;
			remoteRef = 1173EFF11BC5CF5D00B88B7B /* PBXContainerItemProxy */;
			sourceTree = BUILT_PRODUCTS_DIR;
		};
/* End PBXReferenceProxy section */

/* Begin PBXResourcesBuildPhase section */
		1164762D19794D3300DB20B8 /* Resources */ = {
			isa = PBXResourcesBuildPhase;
			buildActionMask = 2147483647;
			files = (
				9C7475BE1BC698110098B1A4 /* Localizable.strings in Resources */,
				1173F0721BC5D9DA00B88B7B /* default-theme.yaml in Resources */,
				1164763D19794D3300DB20B8 /* InfoPlist.strings in Resources */,
				1179E06B1BA0534600D258C6 /* import-profile.html in Resources */,
				1164764519794D3300DB20B8 /* Images.xcassets in Resources */,
			);
			runOnlyForDeploymentPostprocessing = 0;
		};
		1173F0541BC5D94400B88B7B /* Resources */ = {
			isa = PBXResourcesBuildPhase;
			buildActionMask = 2147483647;
			files = (
			);
			runOnlyForDeploymentPostprocessing = 0;
		};
/* End PBXResourcesBuildPhase section */

/* Begin PBXShellScriptBuildPhase section */
		15920CF02947462BB669E402 /* Check Pods Manifest.lock */ = {
			isa = PBXShellScriptBuildPhase;
			buildActionMask = 2147483647;
			files = (
			);
			inputPaths = (
			);
			name = "Check Pods Manifest.lock";
			outputPaths = (
			);
			runOnlyForDeploymentPostprocessing = 0;
			shellPath = /bin/sh;
			shellScript = "diff \"${PODS_ROOT}/../Podfile.lock\" \"${PODS_ROOT}/Manifest.lock\" > /dev/null\nif [[ $? != 0 ]] ; then\n    cat << EOM\nerror: The sandbox is not in sync with the Podfile.lock. Run 'pod install' or update your CocoaPods installation.\nEOM\n    exit 1\nfi\n";
			showEnvVarsInLog = 0;
		};
		765330FB0A1142E6A0B97483 /* Copy Pods Resources */ = {
			isa = PBXShellScriptBuildPhase;
			buildActionMask = 2147483647;
			files = (
			);
			inputPaths = (
			);
			name = "Copy Pods Resources";
			outputPaths = (
			);
			runOnlyForDeploymentPostprocessing = 0;
			shellPath = /bin/sh;
			shellScript = "\"${SRCROOT}/Pods/Target Support Files/Pods/Pods-resources.sh\"\n";
			showEnvVarsInLog = 0;
		};
/* End PBXShellScriptBuildPhase section */

/* Begin PBXSourcesBuildPhase section */
		1164762B19794D3300DB20B8 /* Sources */ = {
			isa = PBXSourcesBuildPhase;
			buildActionMask = 2147483647;
			files = (
				11FA0EEB1BC5A68600F3DA5B /* FriendsTabCoordinator.swift in Sources */,
				11FA0EF11BC5A6A500F3DA5B /* SettingsTabCoordinator.swift in Sources */,
				11FA0EE91BC5A66D00F3DA5B /* LoginCoordinator.swift in Sources */,
				11FA0EF31BC5A6AF00F3DA5B /* ChatsTabCoordinator.swift in Sources */,
				1173F06E1BC5D9BA00B88B7B /* Theme.swift in Sources */,
				1173EFAC1BC5BD2800B88B7B /* TabCoordinatorProtocol.swift in Sources */,
				11FA0EED1BC5A69000F3DA5B /* ProfileTabCoordinator.swift in Sources */,
				11FA0EE71BC59B1400F3DA5B /* RunningCoordinator.swift in Sources */,
				9C7475C51BC698510098B1A4 /* StringExtension.swift in Sources */,
				11FA0EEF1BC5A69B00F3DA5B /* ChangePasswordCoordinator.swift in Sources */,
				11FA0EDA1BC584D900F3DA5B /* AppCoordinator.swift in Sources */,
				1164C8D81BC922EB00B91107 /* UserDefaultsManager.swift in Sources */,
				11FA0ED41BC5842800F3DA5B /* AppDelegate.swift in Sources */,
				11FA0EDE1BC58DCC00F3DA5B /* CoordinatorProtocol.swift in Sources */,
				11FA0EE11BC591FC00F3DA5B /* Logger.swift in Sources */,
			);
			runOnlyForDeploymentPostprocessing = 0;
		};
		1173F0521BC5D94400B88B7B /* Sources */ = {
			isa = PBXSourcesBuildPhase;
			buildActionMask = 2147483647;
			files = (
				9C7475E51BC6ABE60098B1A4 /* LoginCoordinator.swift in Sources */,
				9C7475E21BC6ABE60098B1A4 /* Theme.swift in Sources */,
				9C7475E81BC6ABE60098B1A4 /* ChatsTabCoordinator.swift in Sources */,
				9C7475EB1BC6ABE60098B1A4 /* SettingsTabCoordinator.swift in Sources */,
				9C7475EC1BC6ABE60098B1A4 /* TabCoordinatorProtocol.swift in Sources */,
				1173F0601BC5D95400B88B7B /* AppDelegate.swift in Sources */,
				9C7475E41BC6ABE60098B1A4 /* AppCoordinator.swift in Sources */,
				9C7475E61BC6ABE60098B1A4 /* RunningCoordinator.swift in Sources */,
				9C7475ED1BC6ABE60098B1A4 /* StringExtension.swift in Sources */,
				9C7475E91BC6ABE60098B1A4 /* FriendsTabCoordinator.swift in Sources */,
				9C7475EE1BC6ABE60098B1A4 /* Logger.swift in Sources */,
				9C7475EA1BC6ABE60098B1A4 /* ProfileTabCoordinator.swift in Sources */,
				9C7475E31BC6ABE60098B1A4 /* CoordinatorProtocol.swift in Sources */,
				1173F0701BC5D9CA00B88B7B /* ThemeTest.swift in Sources */,
				9C7475E71BC6ABE60098B1A4 /* ChangePasswordCoordinator.swift in Sources */,
			);
			runOnlyForDeploymentPostprocessing = 0;
		};
/* End PBXSourcesBuildPhase section */

/* Begin PBXTargetDependency section */
		1173F05C1BC5D94400B88B7B /* PBXTargetDependency */ = {
			isa = PBXTargetDependency;
			target = 1164762E19794D3300DB20B8 /* Antidote */;
			targetProxy = 1173F05B1BC5D94400B88B7B /* PBXContainerItemProxy */;
		};
/* End PBXTargetDependency section */

/* Begin PBXVariantGroup section */
		1164763B19794D3300DB20B8 /* InfoPlist.strings */ = {
			isa = PBXVariantGroup;
			children = (
				1164763C19794D3300DB20B8 /* en */,
			);
			name = InfoPlist.strings;
			sourceTree = "<group>";
		};
		9C7475C01BC698110098B1A4 /* Localizable.strings */ = {
			isa = PBXVariantGroup;
			children = (
				9C7475BF1BC698110098B1A4 /* en */,
			);
			name = Localizable.strings;
			sourceTree = "<group>";
		};
/* End PBXVariantGroup section */

/* Begin XCBuildConfiguration section */
		1164765919794D3300DB20B8 /* Debug */ = {
			isa = XCBuildConfiguration;
			buildSettings = {
				ALWAYS_SEARCH_USER_PATHS = NO;
				CLANG_CXX_LANGUAGE_STANDARD = "gnu++0x";
				CLANG_CXX_LIBRARY = "libc++";
				CLANG_ENABLE_MODULES = YES;
				CLANG_ENABLE_OBJC_ARC = YES;
				CLANG_WARN_BOOL_CONVERSION = YES;
				CLANG_WARN_CONSTANT_CONVERSION = YES;
				CLANG_WARN_DIRECT_OBJC_ISA_USAGE = YES_ERROR;
				CLANG_WARN_EMPTY_BODY = YES;
				CLANG_WARN_ENUM_CONVERSION = YES;
				CLANG_WARN_INT_CONVERSION = YES;
				CLANG_WARN_OBJC_ROOT_CLASS = YES_ERROR;
				CLANG_WARN__DUPLICATE_METHOD_MATCH = YES;
				COPY_PHASE_STRIP = NO;
				GCC_C_LANGUAGE_STANDARD = gnu99;
				GCC_DYNAMIC_NO_PIC = NO;
				GCC_OPTIMIZATION_LEVEL = 0;
				GCC_PREPROCESSOR_DEFINITIONS = (
					"DEBUG=1",
					"$(inherited)",
				);
				GCC_SYMBOLS_PRIVATE_EXTERN = NO;
				GCC_WARN_64_TO_32_BIT_CONVERSION = YES;
				GCC_WARN_ABOUT_RETURN_TYPE = YES_ERROR;
				GCC_WARN_UNDECLARED_SELECTOR = YES;
				GCC_WARN_UNINITIALIZED_AUTOS = YES_AGGRESSIVE;
				GCC_WARN_UNUSED_FUNCTION = YES;
				GCC_WARN_UNUSED_VARIABLE = YES;
				IPHONEOS_DEPLOYMENT_TARGET = 8.0;
				ONLY_ACTIVE_ARCH = YES;
				SDKROOT = iphoneos;
			};
			name = Debug;
		};
		1164765A19794D3300DB20B8 /* Release */ = {
			isa = XCBuildConfiguration;
			buildSettings = {
				ALWAYS_SEARCH_USER_PATHS = NO;
				CLANG_CXX_LANGUAGE_STANDARD = "gnu++0x";
				CLANG_CXX_LIBRARY = "libc++";
				CLANG_ENABLE_MODULES = YES;
				CLANG_ENABLE_OBJC_ARC = YES;
				CLANG_WARN_BOOL_CONVERSION = YES;
				CLANG_WARN_CONSTANT_CONVERSION = YES;
				CLANG_WARN_DIRECT_OBJC_ISA_USAGE = YES_ERROR;
				CLANG_WARN_EMPTY_BODY = YES;
				CLANG_WARN_ENUM_CONVERSION = YES;
				CLANG_WARN_INT_CONVERSION = YES;
				CLANG_WARN_OBJC_ROOT_CLASS = YES_ERROR;
				CLANG_WARN__DUPLICATE_METHOD_MATCH = YES;
				COPY_PHASE_STRIP = YES;
				ENABLE_NS_ASSERTIONS = NO;
				GCC_C_LANGUAGE_STANDARD = gnu99;
				GCC_WARN_64_TO_32_BIT_CONVERSION = YES;
				GCC_WARN_ABOUT_RETURN_TYPE = YES_ERROR;
				GCC_WARN_UNDECLARED_SELECTOR = YES;
				GCC_WARN_UNINITIALIZED_AUTOS = YES_AGGRESSIVE;
				GCC_WARN_UNUSED_FUNCTION = YES;
				GCC_WARN_UNUSED_VARIABLE = YES;
				IPHONEOS_DEPLOYMENT_TARGET = 8.0;
				SDKROOT = iphoneos;
				VALIDATE_PRODUCT = YES;
			};
			name = Release;
		};
		1164765C19794D3300DB20B8 /* Debug */ = {
			isa = XCBuildConfiguration;
			baseConfigurationReference = B256424EA3A055BD47F475CD /* Pods.debug.xcconfig */;
			buildSettings = {
				ASSETCATALOG_COMPILER_APPICON_NAME = AppIcon;
				ASSETCATALOG_COMPILER_LAUNCHIMAGE_NAME = LaunchImage;
				CLANG_ENABLE_MODULES = YES;
				CLANG_STATIC_ANALYZER_MODE = deep;
				CODE_SIGN_IDENTITY = "";
				"CODE_SIGN_IDENTITY[sdk=iphoneos*]" = "";
				ENABLE_BITCODE = NO;
				GCC_PRECOMPILE_PREFIX_HEADER = YES;
				GCC_PREFIX_HEADER = "Antidote/Antidote-Prefix.pch";
				GCC_WARN_SIGN_COMPARE = YES;
				INFOPLIST_FILE = "Antidote/Antidote-Info.plist";
				LD_RUNPATH_SEARCH_PATHS = "$(inherited) @executable_path/Frameworks";
				PRODUCT_NAME = "$(TARGET_NAME)";
				PROVISIONING_PROFILE = "";
				RUN_CLANG_STATIC_ANALYZER = YES;
				SWIFT_OBJC_BRIDGING_HEADER = "Antidote/Antidote-Bridging-Header.h";
				SWIFT_OPTIMIZATION_LEVEL = "-Onone";
				TARGETED_DEVICE_FAMILY = 1;
				WRAPPER_EXTENSION = app;
			};
			name = Debug;
		};
		1164765D19794D3300DB20B8 /* Release */ = {
			isa = XCBuildConfiguration;
			baseConfigurationReference = 4ADD1C1DD88A391117C30B9F /* Pods.release.xcconfig */;
			buildSettings = {
				ASSETCATALOG_COMPILER_APPICON_NAME = AppIcon;
				ASSETCATALOG_COMPILER_LAUNCHIMAGE_NAME = LaunchImage;
				CLANG_ENABLE_MODULES = YES;
				CLANG_STATIC_ANALYZER_MODE = deep;
				CODE_SIGN_IDENTITY = "";
				"CODE_SIGN_IDENTITY[sdk=iphoneos*]" = "";
				ENABLE_BITCODE = NO;
				GCC_PRECOMPILE_PREFIX_HEADER = YES;
				GCC_PREFIX_HEADER = "Antidote/Antidote-Prefix.pch";
				GCC_WARN_SIGN_COMPARE = YES;
				INFOPLIST_FILE = "Antidote/Antidote-Info.plist";
				LD_RUNPATH_SEARCH_PATHS = "$(inherited) @executable_path/Frameworks";
				PRODUCT_NAME = "$(TARGET_NAME)";
				PROVISIONING_PROFILE = "";
				RUN_CLANG_STATIC_ANALYZER = YES;
				SWIFT_OBJC_BRIDGING_HEADER = "Antidote/Antidote-Bridging-Header.h";
				TARGETED_DEVICE_FAMILY = 1;
				WRAPPER_EXTENSION = app;
			};
			name = Release;
		};
		1173F05E1BC5D94400B88B7B /* Debug */ = {
			isa = XCBuildConfiguration;
			buildSettings = {
				BUNDLE_LOADER = "$(TEST_HOST)";
				CLANG_WARN_UNREACHABLE_CODE = YES;
				DEBUG_INFORMATION_FORMAT = dwarf;
				ENABLE_STRICT_OBJC_MSGSEND = YES;
				ENABLE_TESTABILITY = YES;
				GCC_NO_COMMON_BLOCKS = YES;
				INFOPLIST_FILE = AntidoteTests/Info.plist;
				IPHONEOS_DEPLOYMENT_TARGET = 9.0;
				LD_RUNPATH_SEARCH_PATHS = "$(inherited) @executable_path/Frameworks @loader_path/Frameworks";
				MTL_ENABLE_DEBUG_INFO = YES;
				PRODUCT_BUNDLE_IDENTIFIER = dvor.AntidoteTests;
				PRODUCT_NAME = "$(TARGET_NAME)";
				SWIFT_OPTIMIZATION_LEVEL = "-Onone";
				TEST_HOST = "$(BUILT_PRODUCTS_DIR)/Antidote.app/Antidote";
			};
			name = Debug;
		};
		1173F05F1BC5D94400B88B7B /* Release */ = {
			isa = XCBuildConfiguration;
			buildSettings = {
				BUNDLE_LOADER = "$(TEST_HOST)";
				CLANG_WARN_UNREACHABLE_CODE = YES;
				COPY_PHASE_STRIP = NO;
				DEBUG_INFORMATION_FORMAT = "dwarf-with-dsym";
				ENABLE_STRICT_OBJC_MSGSEND = YES;
				GCC_NO_COMMON_BLOCKS = YES;
				INFOPLIST_FILE = AntidoteTests/Info.plist;
				IPHONEOS_DEPLOYMENT_TARGET = 9.0;
				LD_RUNPATH_SEARCH_PATHS = "$(inherited) @executable_path/Frameworks @loader_path/Frameworks";
				MTL_ENABLE_DEBUG_INFO = NO;
				PRODUCT_BUNDLE_IDENTIFIER = dvor.AntidoteTests;
				PRODUCT_NAME = "$(TARGET_NAME)";
				TEST_HOST = "$(BUILT_PRODUCTS_DIR)/Antidote.app/Antidote";
			};
			name = Release;
		};
/* End XCBuildConfiguration section */

/* Begin XCConfigurationList section */
		1164762A19794D3300DB20B8 /* Build configuration list for PBXProject "Antidote" */ = {
			isa = XCConfigurationList;
			buildConfigurations = (
				1164765919794D3300DB20B8 /* Debug */,
				1164765A19794D3300DB20B8 /* Release */,
			);
			defaultConfigurationIsVisible = 0;
			defaultConfigurationName = Release;
		};
		1164765B19794D3300DB20B8 /* Build configuration list for PBXNativeTarget "Antidote" */ = {
			isa = XCConfigurationList;
			buildConfigurations = (
				1164765C19794D3300DB20B8 /* Debug */,
				1164765D19794D3300DB20B8 /* Release */,
			);
			defaultConfigurationIsVisible = 0;
			defaultConfigurationName = Release;
		};
		1173F05D1BC5D94400B88B7B /* Build configuration list for PBXNativeTarget "AntidoteTests" */ = {
			isa = XCConfigurationList;
			buildConfigurations = (
				1173F05E1BC5D94400B88B7B /* Debug */,
				1173F05F1BC5D94400B88B7B /* Release */,
			);
			defaultConfigurationIsVisible = 0;
			defaultConfigurationName = Release;
		};
/* End XCConfigurationList section */
	};
	rootObject = 1164762719794D3300DB20B8 /* Project object */;
}
